// !$*UTF8*$!
{
	archiveVersion = 1;
	classes = {
	};
	objectVersion = 46;
	objects = {

/* Begin PBXBuildFile section */
		1C137BD917049EB700A39F3A /* Feed.storyboard in Resources */ = {isa = PBXBuildFile; fileRef = 1C137BD817049EB700A39F3A /* Feed.storyboard */; };
		1C137BDB17049EE800A39F3A /* Diaper.storyboard in Resources */ = {isa = PBXBuildFile; fileRef = 1C137BDA17049EE800A39F3A /* Diaper.storyboard */; };
		1C137BDD17049EFC00A39F3A /* Medz.storyboard in Resources */ = {isa = PBXBuildFile; fileRef = 1C137BDC17049EFC00A39F3A /* Medz.storyboard */; };
		1C137BDF17049F2F00A39F3A /* calendar.storyboard in Resources */ = {isa = PBXBuildFile; fileRef = 1C137BDE17049F2F00A39F3A /* calendar.storyboard */; };
		1C236C491731460900364D91 /* SLKuser.m in Sources */ = {isa = PBXBuildFile; fileRef = 1C236C481731460900364D91 /* SLKuser.m */; };
		1C2F0D80171817CB00FBF106 /* bo.png in Resources */ = {isa = PBXBuildFile; fileRef = 1C2F0D7F171817CB00FBF106 /* bo.png */; };
		1C30A4241737B5C70010D4F1 /* SLKPFLogin.m in Sources */ = {isa = PBXBuildFile; fileRef = 1C30A4231737B5C70010D4F1 /* SLKPFLogin.m */; };
		1C30A4271737B7BD0010D4F1 /* SLKPfSingupViewController.m in Sources */ = {isa = PBXBuildFile; fileRef = 1C30A4261737B7BD0010D4F1 /* SLKPfSingupViewController.m */; };
		1C30A4281737B7BD0010D4F1 /* SLKPfSingupViewController.m in Sources */ = {isa = PBXBuildFile; fileRef = 1C30A4261737B7BD0010D4F1 /* SLKPfSingupViewController.m */; };
		1C30A42B1737B81D0010D4F1 /* SLKPfLoginViewController.m in Sources */ = {isa = PBXBuildFile; fileRef = 1C30A42A1737B81D0010D4F1 /* SLKPfLoginViewController.m */; };
		1C30A42C1737B81D0010D4F1 /* SLKPfLoginViewController.m in Sources */ = {isa = PBXBuildFile; fileRef = 1C30A42A1737B81D0010D4F1 /* SLKPfLoginViewController.m */; };
		1C30A42E1737BE880010D4F1 /* saveButton.png in Resources */ = {isa = PBXBuildFile; fileRef = 1C30A42D1737BE880010D4F1 /* saveButton.png */; };
		1C30A42F1737BE880010D4F1 /* saveButton.png in Resources */ = {isa = PBXBuildFile; fileRef = 1C30A42D1737BE880010D4F1 /* saveButton.png */; };
		1C34EC781706EC700095F0C2 /* SLKPooStorage.m in Sources */ = {isa = PBXBuildFile; fileRef = 1C34EC771706EC700095F0C2 /* SLKPooStorage.m */; };
		1C34EC7B1706EED10095F0C2 /* SLKPiiStorage.m in Sources */ = {isa = PBXBuildFile; fileRef = 1C34EC7A1706EED10095F0C2 /* SLKPiiStorage.m */; };
		1C378B731712A73C006AC9EF /* SLKWelcomeCell.m in Sources */ = {isa = PBXBuildFile; fileRef = 1C378B721712A73C006AC9EF /* SLKWelcomeCell.m */; };
		1C3F372A172E98450084D3D8 /* SLKTabbar.m in Sources */ = {isa = PBXBuildFile; fileRef = 1C3F3729172E98450084D3D8 /* SLKTabbar.m */; };
		1C3F372D172E98F70084D3D8 /* SLKTababrController.m in Sources */ = {isa = PBXBuildFile; fileRef = 1C3F372C172E98F70084D3D8 /* SLKTababrController.m */; };
		1C423F6F170D5EFE00DCB469 /* Settings.storyboard in Resources */ = {isa = PBXBuildFile; fileRef = 1C423F6E170D5EFE00DCB469 /* Settings.storyboard */; };
		1C423F72170D622300DCB469 /* SLKSettingsViewController.m in Sources */ = {isa = PBXBuildFile; fileRef = 1C423F71170D622300DCB469 /* SLKSettingsViewController.m */; };
		1C423F75170D627700DCB469 /* SLKSettingCells.m in Sources */ = {isa = PBXBuildFile; fileRef = 1C423F74170D627700DCB469 /* SLKSettingCells.m */; };
		1C47E06C170D70E800720AFE /* SLKInviteViewController.m in Sources */ = {isa = PBXBuildFile; fileRef = 1C47E06B170D70E800720AFE /* SLKInviteViewController.m */; };
		1C47E070170D72AC00720AFE /* SLKParentListCell.m in Sources */ = {isa = PBXBuildFile; fileRef = 1C47E06F170D72AC00720AFE /* SLKParentListCell.m */; };
		1C49EF29170889200073B6D6 /* SLKConstants.m in Sources */ = {isa = PBXBuildFile; fileRef = 1C49EF28170889200073B6D6 /* SLKConstants.m */; };
		1C4ABF621705A3BF008468F9 /* SLKTittStorage.m in Sources */ = {isa = PBXBuildFile; fileRef = 1C4ABF611705A3BF008468F9 /* SLKTittStorage.m */; };
		1C4ABF651705AB4F008468F9 /* SLKBottleStorage.m in Sources */ = {isa = PBXBuildFile; fileRef = 1C4ABF641705AB4F008468F9 /* SLKBottleStorage.m */; };
		1C5BFC7B16FCD75300D1B238 /* FPTouchView.m in Sources */ = {isa = PBXBuildFile; fileRef = 1C5BFC7A16FCD75300D1B238 /* FPTouchView.m */; };
		1C5BFC7C16FCD75300D1B238 /* FPTouchView.m in Sources */ = {isa = PBXBuildFile; fileRef = 1C5BFC7A16FCD75300D1B238 /* FPTouchView.m */; };
		1C5BFC8216FCD81300D1B238 /* FPPopoverController.m in Sources */ = {isa = PBXBuildFile; fileRef = 1C5BFC7F16FCD81300D1B238 /* FPPopoverController.m */; };
		1C5BFC8316FCD81300D1B238 /* FPPopoverController.m in Sources */ = {isa = PBXBuildFile; fileRef = 1C5BFC7F16FCD81300D1B238 /* FPPopoverController.m */; };
		1C5BFC8416FCD81300D1B238 /* FPPopoverView.m in Sources */ = {isa = PBXBuildFile; fileRef = 1C5BFC8116FCD81300D1B238 /* FPPopoverView.m */; };
		1C5BFC8516FCD81300D1B238 /* FPPopoverView.m in Sources */ = {isa = PBXBuildFile; fileRef = 1C5BFC8116FCD81300D1B238 /* FPPopoverView.m */; };
		1C5BFC8816FCDBF200D1B238 /* SLKBabyPopViewController.m in Sources */ = {isa = PBXBuildFile; fileRef = 1C5BFC8716FCDBF200D1B238 /* SLKBabyPopViewController.m */; };
		1C5BFC8916FCDBF200D1B238 /* SLKBabyPopViewController.m in Sources */ = {isa = PBXBuildFile; fileRef = 1C5BFC8716FCDBF200D1B238 /* SLKBabyPopViewController.m */; };
		1C5BFC8C16FCF18B00D1B238 /* SLKAddBabyCell.m in Sources */ = {isa = PBXBuildFile; fileRef = 1C5BFC8B16FCF18B00D1B238 /* SLKAddBabyCell.m */; };
		1C5BFC8D16FCF18B00D1B238 /* SLKAddBabyCell.m in Sources */ = {isa = PBXBuildFile; fileRef = 1C5BFC8B16FCF18B00D1B238 /* SLKAddBabyCell.m */; };
		1C5C784F1701E49D00CB555F /* SLKEventStorage.m in Sources */ = {isa = PBXBuildFile; fileRef = 1C5C784E1701E49D00CB555F /* SLKEventStorage.m */; };
		1C611ECC170C4D0D0088016F /* SLKMedzStorage.m in Sources */ = {isa = PBXBuildFile; fileRef = 1C611ECB170C4D0D0088016F /* SLKMedzStorage.m */; };
		1C61D9D81742D7AC0048C123 /* Sleep.m in Sources */ = {isa = PBXBuildFile; fileRef = 1C61D9D71742D7AC0048C123 /* Sleep.m */; };
		1C61D9DB1742D7AC0048C123 /* Poo.m in Sources */ = {isa = PBXBuildFile; fileRef = 1C61D9DA1742D7AC0048C123 /* Poo.m */; };
		1C61D9DE1742D7AD0048C123 /* ParentFigures.m in Sources */ = {isa = PBXBuildFile; fileRef = 1C61D9DD1742D7AD0048C123 /* ParentFigures.m */; };
		1C61D9E11742D7AE0048C123 /* Baby.m in Sources */ = {isa = PBXBuildFile; fileRef = 1C61D9E01742D7AE0048C123 /* Baby.m */; };
		1C61D9E41742D7B00048C123 /* Diaper.m in Sources */ = {isa = PBXBuildFile; fileRef = 1C61D9E31742D7AF0048C123 /* Diaper.m */; };
		1C61D9E71742D7B10048C123 /* Tits.m in Sources */ = {isa = PBXBuildFile; fileRef = 1C61D9E61742D7B10048C123 /* Tits.m */; };
		1C61D9EA1742D7B40048C123 /* Bottle.m in Sources */ = {isa = PBXBuildFile; fileRef = 1C61D9E91742D7B30048C123 /* Bottle.m */; };
		1C61D9ED1742D7B70048C123 /* Event.m in Sources */ = {isa = PBXBuildFile; fileRef = 1C61D9EC1742D7B60048C123 /* Event.m */; };
		1C61D9F01742D7BB0048C123 /* Medz.m in Sources */ = {isa = PBXBuildFile; fileRef = 1C61D9EF1742D7B90048C123 /* Medz.m */; };
		1C61D9F31742D7BF0048C123 /* Pii.m in Sources */ = {isa = PBXBuildFile; fileRef = 1C61D9F21742D7BD0048C123 /* Pii.m */; };
		1C627299170ED21200F51E00 /* SLKParentStorage.m in Sources */ = {isa = PBXBuildFile; fileRef = 1C627298170ED21200F51E00 /* SLKParentStorage.m */; };
		1C6F78931715B4FB002E54A9 /* Login.storyboard in Resources */ = {isa = PBXBuildFile; fileRef = 1C6F78921715B4FB002E54A9 /* Login.storyboard */; };
		1C6F789A1715B913002E54A9 /* SLKFirtsTimeViewController.m in Sources */ = {isa = PBXBuildFile; fileRef = 1C6F78991715B913002E54A9 /* SLKFirtsTimeViewController.m */; };
		1C74254A1713064500207C04 /* SLKLinksCell.m in Sources */ = {isa = PBXBuildFile; fileRef = 1C7425491713064500207C04 /* SLKLinksCell.m */; };
		1C7F474117087A2C00C258F8 /* SLKDayViewCell.m in Sources */ = {isa = PBXBuildFile; fileRef = 1C7F474017087A2C00C258F8 /* SLKDayViewCell.m */; };
		1C880E8B1704BBAB0027E528 /* SLKMedzViewController.m in Sources */ = {isa = PBXBuildFile; fileRef = 1C880E8A1704BBAB0027E528 /* SLKMedzViewController.m */; };
		1C91DD5916FC4EBB00921C59 /* SLKPARSEService.m in Sources */ = {isa = PBXBuildFile; fileRef = 1C91DD5816FC4EBB00921C59 /* SLKPARSEService.m */; };
		1C91DDEC16FC567F00921C59 /* CoreData.framework in Frameworks */ = {isa = PBXBuildFile; fileRef = 1C91DDEB16FC567F00921C59 /* CoreData.framework */; };
		1C98A20E172BF1D100741112 /* prevyArrow.png in Resources */ = {isa = PBXBuildFile; fileRef = 1C98A20D172BF1D100741112 /* prevyArrow.png */; };
		1C98A210172BF1DF00741112 /* nextyArrow.png in Resources */ = {isa = PBXBuildFile; fileRef = 1C98A20F172BF1DF00741112 /* nextyArrow.png */; };
		1C9DD67B170CC1B400032A1E /* SLKColors.m in Sources */ = {isa = PBXBuildFile; fileRef = 1C9DD67A170CC1B300032A1E /* SLKColors.m */; };
		1CA7F8D616FC8B72008BB1BF /* SenTestingKit.framework in Frameworks */ = {isa = PBXBuildFile; fileRef = 1CA7F8D516FC8B72008BB1BF /* SenTestingKit.framework */; };
		1CA7F8D716FC8B72008BB1BF /* UIKit.framework in Frameworks */ = {isa = PBXBuildFile; fileRef = CE59449216F90DC800D9D33A /* UIKit.framework */; };
		1CA7F8D816FC8B72008BB1BF /* Foundation.framework in Frameworks */ = {isa = PBXBuildFile; fileRef = CE59449416F90DC800D9D33A /* Foundation.framework */; };
		1CA7F8DE16FC8B73008BB1BF /* InfoPlist.strings in Resources */ = {isa = PBXBuildFile; fileRef = 1CA7F8DC16FC8B73008BB1BF /* InfoPlist.strings */; };
		1CA7F8E116FC8B74008BB1BF /* SKAPUnitTest.m in Sources */ = {isa = PBXBuildFile; fileRef = 1CA7F8E016FC8B74008BB1BF /* SKAPUnitTest.m */; };
		1CA7F8F016FCA2FC008BB1BF /* SLKBabyListTableViewController.m in Sources */ = {isa = PBXBuildFile; fileRef = 1CA7F8EF16FCA2FC008BB1BF /* SLKBabyListTableViewController.m */; };
		1CA7F8F316FCA47E008BB1BF /* SLKBabyCell.m in Sources */ = {isa = PBXBuildFile; fileRef = 1CA7F8F216FCA47E008BB1BF /* SLKBabyCell.m */; };
		1CA7F90516FCBBF3008BB1BF /* QuartzCore.framework in Frameworks */ = {isa = PBXBuildFile; fileRef = 1CA7F90416FCBBF3008BB1BF /* QuartzCore.framework */; };
		1CA7F90616FCBC04008BB1BF /* CoreGraphics.framework in Frameworks */ = {isa = PBXBuildFile; fileRef = CE59449616F90DC800D9D33A /* CoreGraphics.framework */; };
		1CB057971712EB2C00205AC0 /* SLKLinksViewController.m in Sources */ = {isa = PBXBuildFile; fileRef = 1CB057961712EB2C00205AC0 /* SLKLinksViewController.m */; };
		1CBBEE2317141D6B00305432 /* sleep.Storyboard in Resources */ = {isa = PBXBuildFile; fileRef = 1CBBEE2217141D6B00305432 /* sleep.Storyboard */; };
		1CBBEE2717141D8600305432 /* SLKSleppViewController.m in Sources */ = {isa = PBXBuildFile; fileRef = 1CBBEE2617141D8600305432 /* SLKSleppViewController.m */; };
		1CECF565170D8D59008AFA74 /* SLKAddBabyViewController.m in Sources */ = {isa = PBXBuildFile; fileRef = 1CECF564170D8D59008AFA74 /* SLKAddBabyViewController.m */; };
		1CF828271701A36E00EDC904 /* SLKUserDefaults.m in Sources */ = {isa = PBXBuildFile; fileRef = 1CF828261701A36E00EDC904 /* SLKUserDefaults.m */; };
		1CF8282A1701A9BA00EDC904 /* SLKAlertWithBlock.m in Sources */ = {isa = PBXBuildFile; fileRef = 1CF828291701A9BA00EDC904 /* SLKAlertWithBlock.m */; };
		1CF8282E1701BD6A00EDC904 /* SLKDaySummaryViewController.m in Sources */ = {isa = PBXBuildFile; fileRef = 1CF8282D1701BD6A00EDC904 /* SLKDaySummaryViewController.m */; };
		1CF828311701CB4B00EDC904 /* SLKDateUtil.m in Sources */ = {isa = PBXBuildFile; fileRef = 1CF828301701CB4B00EDC904 /* SLKDateUtil.m */; };
		1CF828341701D14000EDC904 /* SLKDates.m in Sources */ = {isa = PBXBuildFile; fileRef = 1CF828331701D14000EDC904 /* SLKDates.m */; };
		CE11D00217023283001A5AD2 /* Parse.framework in Frameworks */ = {isa = PBXBuildFile; fileRef = CE11D00117023283001A5AD2 /* Parse.framework */; };
		CE11D004170232ED001A5AD2 /* AudioToolbox.framework in Frameworks */ = {isa = PBXBuildFile; fileRef = CE11D003170232ED001A5AD2 /* AudioToolbox.framework */; };
		CE11D00617023304001A5AD2 /* CFNetwork.framework in Frameworks */ = {isa = PBXBuildFile; fileRef = CE11D00517023304001A5AD2 /* CFNetwork.framework */; };
		CE11D00817023329001A5AD2 /* CoreLocation.framework in Frameworks */ = {isa = PBXBuildFile; fileRef = CE11D00717023329001A5AD2 /* CoreLocation.framework */; };
		CE11D00A17023344001A5AD2 /* libz.1.1.3.dylib in Frameworks */ = {isa = PBXBuildFile; fileRef = CE11D00917023344001A5AD2 /* libz.1.1.3.dylib */; };
		CE11D00C1702335D001A5AD2 /* MobileCoreServices.framework in Frameworks */ = {isa = PBXBuildFile; fileRef = CE11D00B1702335D001A5AD2 /* MobileCoreServices.framework */; };
		CE11D00D1702336F001A5AD2 /* QuartzCore.framework in Frameworks */ = {isa = PBXBuildFile; fileRef = 1CA7F90416FCBBF3008BB1BF /* QuartzCore.framework */; };
		CE11D00F17023381001A5AD2 /* Security.framework in Frameworks */ = {isa = PBXBuildFile; fileRef = CE11D00E17023381001A5AD2 /* Security.framework */; };
		CE11D01117023395001A5AD2 /* StoreKit.framework in Frameworks */ = {isa = PBXBuildFile; fileRef = CE11D01017023395001A5AD2 /* StoreKit.framework */; };
		CE11D013170233A0001A5AD2 /* SystemConfiguration.framework in Frameworks */ = {isa = PBXBuildFile; fileRef = CE11D012170233A0001A5AD2 /* SystemConfiguration.framework */; };
		CE1D76F3170E284B00028416 /* checkedNO.png in Resources */ = {isa = PBXBuildFile; fileRef = CE1D76F1170E284B00028416 /* checkedNO.png */; };
		CE1D76F4170E284B00028416 /* checkedYES.png in Resources */ = {isa = PBXBuildFile; fileRef = CE1D76F2170E284B00028416 /* checkedYES.png */; };
		CE3ECB80170DB444003FE39A /* blojaLyscopy.png in Resources */ = {isa = PBXBuildFile; fileRef = CE3ECB7F170DB444003FE39A /* blojaLyscopy.png */; };
		CE3ECB82170DB46F003FE39A /* blojanonLys.png in Resources */ = {isa = PBXBuildFile; fileRef = CE3ECB81170DB46F003FE39A /* blojanonLys.png */; };
		CE3ECB86170DB4D9003FE39A /* iphone4Diapercopy.png in Resources */ = {isa = PBXBuildFile; fileRef = CE3ECB85170DB4D9003FE39A /* iphone4Diapercopy.png */; };
		CE57277F170064A0003A72BF /* bottle.png in Resources */ = {isa = PBXBuildFile; fileRef = CE57277E170064A0003A72BF /* bottle.png */; };
		CE59449316F90DC800D9D33A /* UIKit.framework in Frameworks */ = {isa = PBXBuildFile; fileRef = CE59449216F90DC800D9D33A /* UIKit.framework */; };
		CE59449516F90DC800D9D33A /* Foundation.framework in Frameworks */ = {isa = PBXBuildFile; fileRef = CE59449416F90DC800D9D33A /* Foundation.framework */; };
		CE59449716F90DC800D9D33A /* CoreGraphics.framework in Frameworks */ = {isa = PBXBuildFile; fileRef = CE59449616F90DC800D9D33A /* CoreGraphics.framework */; };
		CE59449D16F90DC800D9D33A /* InfoPlist.strings in Resources */ = {isa = PBXBuildFile; fileRef = CE59449B16F90DC800D9D33A /* InfoPlist.strings */; };
		CE59449F16F90DC800D9D33A /* main.m in Sources */ = {isa = PBXBuildFile; fileRef = CE59449E16F90DC800D9D33A /* main.m */; };
		CE5944A316F90DC800D9D33A /* SLKAppDelegate.m in Sources */ = {isa = PBXBuildFile; fileRef = CE5944A216F90DC800D9D33A /* SLKAppDelegate.m */; };
		CE5944A516F90DC800D9D33A /* Default.png in Resources */ = {isa = PBXBuildFile; fileRef = CE5944A416F90DC800D9D33A /* Default.png */; };
		CE5944A716F90DC800D9D33A /* Default@2x.png in Resources */ = {isa = PBXBuildFile; fileRef = CE5944A616F90DC800D9D33A /* Default@2x.png */; };
		CE5944A916F90DC800D9D33A /* Default-568h@2x.png in Resources */ = {isa = PBXBuildFile; fileRef = CE5944A816F90DC800D9D33A /* Default-568h@2x.png */; };
		CE5944AC16F90DC800D9D33A /* MainStoryboard.storyboard in Resources */ = {isa = PBXBuildFile; fileRef = CE5944AA16F90DC800D9D33A /* MainStoryboard.storyboard */; };
		CE5944B716F90DDF00D9D33A /* Model.xcdatamodeld in Sources */ = {isa = PBXBuildFile; fileRef = CE5944B516F90DDF00D9D33A /* Model.xcdatamodeld */; };
		CE5944BE16F90EFA00D9D33A /* SLKBabyStorage.m in Sources */ = {isa = PBXBuildFile; fileRef = CE5944BD16F90EFA00D9D33A /* SLKBabyStorage.m */; };
		CE5944C216F90F4600D9D33A /* SLKCoreDataService.m in Sources */ = {isa = PBXBuildFile; fileRef = CE5944C116F90F4600D9D33A /* SLKCoreDataService.m */; };
		CE5944D016F9A67200D9D33A /* SLKMainViewController.m in Sources */ = {isa = PBXBuildFile; fileRef = CE5944CF16F9A67200D9D33A /* SLKMainViewController.m */; };
		CE5944D416F9A79800D9D33A /* SLKFoodViewController.m in Sources */ = {isa = PBXBuildFile; fileRef = CE5944D316F9A79800D9D33A /* SLKFoodViewController.m */; };
		CE5944D716F9A7B700D9D33A /* SLKPiiPooViewController.m in Sources */ = {isa = PBXBuildFile; fileRef = CE5944D616F9A7B700D9D33A /* SLKPiiPooViewController.m */; };
		CEB5B5411716F475000D05DC /* poppis.jpg in Resources */ = {isa = PBXBuildFile; fileRef = CEB5B5401716F475000D05DC /* poppis.jpg */; };
		CEB7EEE3171485D600D11E2B /* SLKSleepStorage.m in Sources */ = {isa = PBXBuildFile; fileRef = CEB7EEE2171485D600D11E2B /* SLKSleepStorage.m */; };
		CEBFE2931715F00F0010B192 /* smallViewBackground.png in Resources */ = {isa = PBXBuildFile; fileRef = CEBFE2921715F00F0010B192 /* smallViewBackground.png */; };
		CEBFE2951715F5870010B192 /* smBc.png in Resources */ = {isa = PBXBuildFile; fileRef = CEBFE2941715F5870010B192 /* smBc.png */; };
		CEBFE29D17161A590010B192 /* arrowDown.png in Resources */ = {isa = PBXBuildFile; fileRef = CEBFE29C17161A590010B192 /* arrowDown.png */; };
		CEDDEB5B171354590017DE60 /* tits.png in Resources */ = {isa = PBXBuildFile; fileRef = CEDDEB5A171354590017DE60 /* tits.png */; };
		CEDDEB5D171355F80017DE60 /* titsSmall.png in Resources */ = {isa = PBXBuildFile; fileRef = CEDDEB5C171355F80017DE60 /* titsSmall.png */; };
		CEDDEB5F171358820017DE60 /* titsPink.png in Resources */ = {isa = PBXBuildFile; fileRef = CEDDEB5E171358820017DE60 /* titsPink.png */; };
		CEDDEB6117135C110017DE60 /* titsLabel_03.png in Resources */ = {isa = PBXBuildFile; fileRef = CEDDEB6017135C110017DE60 /* titsLabel_03.png */; };
		CEDDEB6317135D750017DE60 /* arrow_03.png in Resources */ = {isa = PBXBuildFile; fileRef = CEDDEB6217135D750017DE60 /* arrow_03.png */; };
/* End PBXBuildFile section */

/* Begin PBXContainerItemProxy section */
		1CA7F8E616FC8BB3008BB1BF /* PBXContainerItemProxy */ = {
			isa = PBXContainerItemProxy;
			containerPortal = CE59448516F90DC800D9D33A /* Project object */;
			proxyType = 1;
			remoteGlobalIDString = CE59448D16F90DC800D9D33A;
			remoteInfo = SKAP;
		};
/* End PBXContainerItemProxy section */

/* Begin PBXFileReference section */
		1C137BD817049EB700A39F3A /* Feed.storyboard */ = {isa = PBXFileReference; fileEncoding = 4; lastKnownFileType = file.storyboard; name = Feed.storyboard; path = SKAP/Feed.storyboard; sourceTree = "<group>"; };
		1C137BDA17049EE800A39F3A /* Diaper.storyboard */ = {isa = PBXFileReference; fileEncoding = 4; lastKnownFileType = file.storyboard; name = Diaper.storyboard; path = SKAP/Diaper.storyboard; sourceTree = "<group>"; };
		1C137BDC17049EFC00A39F3A /* Medz.storyboard */ = {isa = PBXFileReference; fileEncoding = 4; lastKnownFileType = file.storyboard; name = Medz.storyboard; path = SKAP/Medz.storyboard; sourceTree = "<group>"; };
		1C137BDE17049F2F00A39F3A /* calendar.storyboard */ = {isa = PBXFileReference; fileEncoding = 4; lastKnownFileType = file.storyboard; name = calendar.storyboard; path = SKAP/calendar.storyboard; sourceTree = "<group>"; };
		1C236C471731460900364D91 /* SLKuser.h */ = {isa = PBXFileReference; fileEncoding = 4; lastKnownFileType = sourcecode.c.h; path = SLKuser.h; sourceTree = "<group>"; };
		1C236C481731460900364D91 /* SLKuser.m */ = {isa = PBXFileReference; fileEncoding = 4; lastKnownFileType = sourcecode.c.objc; path = SLKuser.m; sourceTree = "<group>"; };
		1C2F0D7F171817CB00FBF106 /* bo.png */ = {isa = PBXFileReference; lastKnownFileType = image.png; path = bo.png; sourceTree = "<group>"; };
		1C30A4221737B5C70010D4F1 /* SLKPFLogin.h */ = {isa = PBXFileReference; fileEncoding = 4; lastKnownFileType = sourcecode.c.h; path = SLKPFLogin.h; sourceTree = "<group>"; };
		1C30A4231737B5C70010D4F1 /* SLKPFLogin.m */ = {isa = PBXFileReference; fileEncoding = 4; lastKnownFileType = sourcecode.c.objc; path = SLKPFLogin.m; sourceTree = "<group>"; };
		1C30A4251737B7BD0010D4F1 /* SLKPfSingupViewController.h */ = {isa = PBXFileReference; fileEncoding = 4; lastKnownFileType = sourcecode.c.h; path = SLKPfSingupViewController.h; sourceTree = "<group>"; };
		1C30A4261737B7BD0010D4F1 /* SLKPfSingupViewController.m */ = {isa = PBXFileReference; fileEncoding = 4; lastKnownFileType = sourcecode.c.objc; path = SLKPfSingupViewController.m; sourceTree = "<group>"; };
		1C30A4291737B81D0010D4F1 /* SLKPfLoginViewController.h */ = {isa = PBXFileReference; fileEncoding = 4; lastKnownFileType = sourcecode.c.h; path = SLKPfLoginViewController.h; sourceTree = "<group>"; };
		1C30A42A1737B81D0010D4F1 /* SLKPfLoginViewController.m */ = {isa = PBXFileReference; fileEncoding = 4; lastKnownFileType = sourcecode.c.objc; path = SLKPfLoginViewController.m; sourceTree = "<group>"; };
		1C30A42D1737BE880010D4F1 /* saveButton.png */ = {isa = PBXFileReference; lastKnownFileType = image.png; path = saveButton.png; sourceTree = "<group>"; };
		1C34EC761706EC700095F0C2 /* SLKPooStorage.h */ = {isa = PBXFileReference; fileEncoding = 4; lastKnownFileType = sourcecode.c.h; path = SLKPooStorage.h; sourceTree = "<group>"; };
		1C34EC771706EC700095F0C2 /* SLKPooStorage.m */ = {isa = PBXFileReference; fileEncoding = 4; lastKnownFileType = sourcecode.c.objc; path = SLKPooStorage.m; sourceTree = "<group>"; };
		1C34EC791706EED10095F0C2 /* SLKPiiStorage.h */ = {isa = PBXFileReference; fileEncoding = 4; lastKnownFileType = sourcecode.c.h; path = SLKPiiStorage.h; sourceTree = "<group>"; };
		1C34EC7A1706EED10095F0C2 /* SLKPiiStorage.m */ = {isa = PBXFileReference; fileEncoding = 4; lastKnownFileType = sourcecode.c.objc; path = SLKPiiStorage.m; sourceTree = "<group>"; };
		1C378B711712A73C006AC9EF /* SLKWelcomeCell.h */ = {isa = PBXFileReference; fileEncoding = 4; lastKnownFileType = sourcecode.c.h; path = SLKWelcomeCell.h; sourceTree = "<group>"; };
		1C378B721712A73C006AC9EF /* SLKWelcomeCell.m */ = {isa = PBXFileReference; fileEncoding = 4; lastKnownFileType = sourcecode.c.objc; path = SLKWelcomeCell.m; sourceTree = "<group>"; };
		1C3F3728172E98450084D3D8 /* SLKTabbar.h */ = {isa = PBXFileReference; fileEncoding = 4; lastKnownFileType = sourcecode.c.h; path = SLKTabbar.h; sourceTree = "<group>"; };
		1C3F3729172E98450084D3D8 /* SLKTabbar.m */ = {isa = PBXFileReference; fileEncoding = 4; lastKnownFileType = sourcecode.c.objc; path = SLKTabbar.m; sourceTree = "<group>"; };
		1C3F372B172E98F70084D3D8 /* SLKTababrController.h */ = {isa = PBXFileReference; fileEncoding = 4; lastKnownFileType = sourcecode.c.h; path = SLKTababrController.h; sourceTree = "<group>"; };
		1C3F372C172E98F70084D3D8 /* SLKTababrController.m */ = {isa = PBXFileReference; fileEncoding = 4; lastKnownFileType = sourcecode.c.objc; path = SLKTababrController.m; sourceTree = "<group>"; };
		1C423F6E170D5EFE00DCB469 /* Settings.storyboard */ = {isa = PBXFileReference; fileEncoding = 4; lastKnownFileType = file.storyboard; name = Settings.storyboard; path = SKAP/Settings.storyboard; sourceTree = "<group>"; };
		1C423F70170D622300DCB469 /* SLKSettingsViewController.h */ = {isa = PBXFileReference; fileEncoding = 4; lastKnownFileType = sourcecode.c.h; path = SLKSettingsViewController.h; sourceTree = "<group>"; };
		1C423F71170D622300DCB469 /* SLKSettingsViewController.m */ = {isa = PBXFileReference; fileEncoding = 4; lastKnownFileType = sourcecode.c.objc; path = SLKSettingsViewController.m; sourceTree = "<group>"; };
		1C423F73170D627700DCB469 /* SLKSettingCells.h */ = {isa = PBXFileReference; fileEncoding = 4; lastKnownFileType = sourcecode.c.h; path = SLKSettingCells.h; sourceTree = "<group>"; };
		1C423F74170D627700DCB469 /* SLKSettingCells.m */ = {isa = PBXFileReference; fileEncoding = 4; lastKnownFileType = sourcecode.c.objc; path = SLKSettingCells.m; sourceTree = "<group>"; };
		1C47E06A170D70E800720AFE /* SLKInviteViewController.h */ = {isa = PBXFileReference; fileEncoding = 4; lastKnownFileType = sourcecode.c.h; path = SLKInviteViewController.h; sourceTree = "<group>"; };
		1C47E06B170D70E800720AFE /* SLKInviteViewController.m */ = {isa = PBXFileReference; fileEncoding = 4; lastKnownFileType = sourcecode.c.objc; path = SLKInviteViewController.m; sourceTree = "<group>"; };
		1C47E06E170D72AC00720AFE /* SLKParentListCell.h */ = {isa = PBXFileReference; fileEncoding = 4; lastKnownFileType = sourcecode.c.h; path = SLKParentListCell.h; sourceTree = "<group>"; };
		1C47E06F170D72AC00720AFE /* SLKParentListCell.m */ = {isa = PBXFileReference; fileEncoding = 4; lastKnownFileType = sourcecode.c.objc; path = SLKParentListCell.m; sourceTree = "<group>"; };
		1C49EF27170889200073B6D6 /* SLKConstants.h */ = {isa = PBXFileReference; fileEncoding = 4; lastKnownFileType = sourcecode.c.h; path = SLKConstants.h; sourceTree = "<group>"; };
		1C49EF28170889200073B6D6 /* SLKConstants.m */ = {isa = PBXFileReference; fileEncoding = 4; lastKnownFileType = sourcecode.c.objc; path = SLKConstants.m; sourceTree = "<group>"; };
		1C4ABF601705A3BF008468F9 /* SLKTittStorage.h */ = {isa = PBXFileReference; fileEncoding = 4; lastKnownFileType = sourcecode.c.h; path = SLKTittStorage.h; sourceTree = "<group>"; };
		1C4ABF611705A3BF008468F9 /* SLKTittStorage.m */ = {isa = PBXFileReference; fileEncoding = 4; lastKnownFileType = sourcecode.c.objc; path = SLKTittStorage.m; sourceTree = "<group>"; };
		1C4ABF631705AB4F008468F9 /* SLKBottleStorage.h */ = {isa = PBXFileReference; fileEncoding = 4; lastKnownFileType = sourcecode.c.h; path = SLKBottleStorage.h; sourceTree = "<group>"; };
		1C4ABF641705AB4F008468F9 /* SLKBottleStorage.m */ = {isa = PBXFileReference; fileEncoding = 4; lastKnownFileType = sourcecode.c.objc; path = SLKBottleStorage.m; sourceTree = "<group>"; };
		1C5BFC7916FCD75300D1B238 /* FPTouchView.h */ = {isa = PBXFileReference; fileEncoding = 4; lastKnownFileType = sourcecode.c.h; path = FPTouchView.h; sourceTree = "<group>"; };
		1C5BFC7A16FCD75300D1B238 /* FPTouchView.m */ = {isa = PBXFileReference; fileEncoding = 4; lastKnownFileType = sourcecode.c.objc; path = FPTouchView.m; sourceTree = "<group>"; };
		1C5BFC7D16FCD81300D1B238 /* ARCMacros.h */ = {isa = PBXFileReference; fileEncoding = 4; lastKnownFileType = sourcecode.c.h; path = ARCMacros.h; sourceTree = "<group>"; };
		1C5BFC7E16FCD81300D1B238 /* FPPopoverController.h */ = {isa = PBXFileReference; fileEncoding = 4; lastKnownFileType = sourcecode.c.h; path = FPPopoverController.h; sourceTree = "<group>"; };
		1C5BFC7F16FCD81300D1B238 /* FPPopoverController.m */ = {isa = PBXFileReference; fileEncoding = 4; lastKnownFileType = sourcecode.c.objc; path = FPPopoverController.m; sourceTree = "<group>"; };
		1C5BFC8016FCD81300D1B238 /* FPPopoverView.h */ = {isa = PBXFileReference; fileEncoding = 4; lastKnownFileType = sourcecode.c.h; path = FPPopoverView.h; sourceTree = "<group>"; };
		1C5BFC8116FCD81300D1B238 /* FPPopoverView.m */ = {isa = PBXFileReference; fileEncoding = 4; lastKnownFileType = sourcecode.c.objc; path = FPPopoverView.m; sourceTree = "<group>"; };
		1C5BFC8616FCDBF200D1B238 /* SLKBabyPopViewController.h */ = {isa = PBXFileReference; fileEncoding = 4; lastKnownFileType = sourcecode.c.h; path = SLKBabyPopViewController.h; sourceTree = "<group>"; };
		1C5BFC8716FCDBF200D1B238 /* SLKBabyPopViewController.m */ = {isa = PBXFileReference; fileEncoding = 4; lastKnownFileType = sourcecode.c.objc; path = SLKBabyPopViewController.m; sourceTree = "<group>"; };
		1C5BFC8A16FCF18B00D1B238 /* SLKAddBabyCell.h */ = {isa = PBXFileReference; fileEncoding = 4; lastKnownFileType = sourcecode.c.h; path = SLKAddBabyCell.h; sourceTree = "<group>"; };
		1C5BFC8B16FCF18B00D1B238 /* SLKAddBabyCell.m */ = {isa = PBXFileReference; fileEncoding = 4; lastKnownFileType = sourcecode.c.objc; path = SLKAddBabyCell.m; sourceTree = "<group>"; };
		1C5C784D1701E49D00CB555F /* SLKEventStorage.h */ = {isa = PBXFileReference; fileEncoding = 4; lastKnownFileType = sourcecode.c.h; path = SLKEventStorage.h; sourceTree = "<group>"; };
		1C5C784E1701E49D00CB555F /* SLKEventStorage.m */ = {isa = PBXFileReference; fileEncoding = 4; lastKnownFileType = sourcecode.c.objc; path = SLKEventStorage.m; sourceTree = "<group>"; };
		1C611ECA170C4D0D0088016F /* SLKMedzStorage.h */ = {isa = PBXFileReference; fileEncoding = 4; lastKnownFileType = sourcecode.c.h; path = SLKMedzStorage.h; sourceTree = "<group>"; };
		1C611ECB170C4D0D0088016F /* SLKMedzStorage.m */ = {isa = PBXFileReference; fileEncoding = 4; lastKnownFileType = sourcecode.c.objc; path = SLKMedzStorage.m; sourceTree = "<group>"; };
		1C61D9D61742D7AC0048C123 /* Sleep.h */ = {isa = PBXFileReference; fileEncoding = 4; lastKnownFileType = sourcecode.c.h; path = Sleep.h; sourceTree = "<group>"; };
		1C61D9D71742D7AC0048C123 /* Sleep.m */ = {isa = PBXFileReference; fileEncoding = 4; lastKnownFileType = sourcecode.c.objc; path = Sleep.m; sourceTree = "<group>"; };
		1C61D9D91742D7AC0048C123 /* Poo.h */ = {isa = PBXFileReference; fileEncoding = 4; lastKnownFileType = sourcecode.c.h; path = Poo.h; sourceTree = "<group>"; };
		1C61D9DA1742D7AC0048C123 /* Poo.m */ = {isa = PBXFileReference; fileEncoding = 4; lastKnownFileType = sourcecode.c.objc; path = Poo.m; sourceTree = "<group>"; };
		1C61D9DC1742D7AC0048C123 /* ParentFigures.h */ = {isa = PBXFileReference; fileEncoding = 4; lastKnownFileType = sourcecode.c.h; path = ParentFigures.h; sourceTree = "<group>"; };
		1C61D9DD1742D7AD0048C123 /* ParentFigures.m */ = {isa = PBXFileReference; fileEncoding = 4; lastKnownFileType = sourcecode.c.objc; path = ParentFigures.m; sourceTree = "<group>"; };
		1C61D9DF1742D7AD0048C123 /* Baby.h */ = {isa = PBXFileReference; fileEncoding = 4; lastKnownFileType = sourcecode.c.h; path = Baby.h; sourceTree = "<group>"; };
		1C61D9E01742D7AE0048C123 /* Baby.m */ = {isa = PBXFileReference; fileEncoding = 4; lastKnownFileType = sourcecode.c.objc; path = Baby.m; sourceTree = "<group>"; };
		1C61D9E21742D7AE0048C123 /* Diaper.h */ = {isa = PBXFileReference; fileEncoding = 4; lastKnownFileType = sourcecode.c.h; path = Diaper.h; sourceTree = "<group>"; };
		1C61D9E31742D7AF0048C123 /* Diaper.m */ = {isa = PBXFileReference; fileEncoding = 4; lastKnownFileType = sourcecode.c.objc; path = Diaper.m; sourceTree = "<group>"; };
		1C61D9E51742D7B00048C123 /* Tits.h */ = {isa = PBXFileReference; fileEncoding = 4; lastKnownFileType = sourcecode.c.h; path = Tits.h; sourceTree = "<group>"; };
		1C61D9E61742D7B10048C123 /* Tits.m */ = {isa = PBXFileReference; fileEncoding = 4; lastKnownFileType = sourcecode.c.objc; path = Tits.m; sourceTree = "<group>"; };
		1C61D9E81742D7B10048C123 /* Bottle.h */ = {isa = PBXFileReference; fileEncoding = 4; lastKnownFileType = sourcecode.c.h; path = Bottle.h; sourceTree = "<group>"; };
		1C61D9E91742D7B30048C123 /* Bottle.m */ = {isa = PBXFileReference; fileEncoding = 4; lastKnownFileType = sourcecode.c.objc; path = Bottle.m; sourceTree = "<group>"; };
		1C61D9EB1742D7B40048C123 /* Event.h */ = {isa = PBXFileReference; fileEncoding = 4; lastKnownFileType = sourcecode.c.h; path = Event.h; sourceTree = "<group>"; };
		1C61D9EC1742D7B60048C123 /* Event.m */ = {isa = PBXFileReference; fileEncoding = 4; lastKnownFileType = sourcecode.c.objc; path = Event.m; sourceTree = "<group>"; };
		1C61D9EE1742D7B80048C123 /* Medz.h */ = {isa = PBXFileReference; fileEncoding = 4; lastKnownFileType = sourcecode.c.h; path = Medz.h; sourceTree = "<group>"; };
		1C61D9EF1742D7B90048C123 /* Medz.m */ = {isa = PBXFileReference; fileEncoding = 4; lastKnownFileType = sourcecode.c.objc; path = Medz.m; sourceTree = "<group>"; };
		1C61D9F11742D7BB0048C123 /* Pii.h */ = {isa = PBXFileReference; fileEncoding = 4; lastKnownFileType = sourcecode.c.h; path = Pii.h; sourceTree = "<group>"; };
		1C61D9F21742D7BD0048C123 /* Pii.m */ = {isa = PBXFileReference; fileEncoding = 4; lastKnownFileType = sourcecode.c.objc; path = Pii.m; sourceTree = "<group>"; };
		1C627297170ED21200F51E00 /* SLKParentStorage.h */ = {isa = PBXFileReference; fileEncoding = 4; lastKnownFileType = sourcecode.c.h; path = SLKParentStorage.h; sourceTree = "<group>"; };
		1C627298170ED21200F51E00 /* SLKParentStorage.m */ = {isa = PBXFileReference; fileEncoding = 4; lastKnownFileType = sourcecode.c.objc; path = SLKParentStorage.m; sourceTree = "<group>"; };
		1C6F78921715B4FB002E54A9 /* Login.storyboard */ = {isa = PBXFileReference; fileEncoding = 4; lastKnownFileType = file.storyboard; path = Login.storyboard; sourceTree = "<group>"; };
		1C6F78981715B913002E54A9 /* SLKFirtsTimeViewController.h */ = {isa = PBXFileReference; fileEncoding = 4; lastKnownFileType = sourcecode.c.h; path = SLKFirtsTimeViewController.h; sourceTree = "<group>"; };
		1C6F78991715B913002E54A9 /* SLKFirtsTimeViewController.m */ = {isa = PBXFileReference; fileEncoding = 4; lastKnownFileType = sourcecode.c.objc; path = SLKFirtsTimeViewController.m; sourceTree = "<group>"; };
		1C7425481713064500207C04 /* SLKLinksCell.h */ = {isa = PBXFileReference; fileEncoding = 4; lastKnownFileType = sourcecode.c.h; path = SLKLinksCell.h; sourceTree = "<group>"; };
		1C7425491713064500207C04 /* SLKLinksCell.m */ = {isa = PBXFileReference; fileEncoding = 4; lastKnownFileType = sourcecode.c.objc; path = SLKLinksCell.m; sourceTree = "<group>"; };
		1C7F473F17087A2C00C258F8 /* SLKDayViewCell.h */ = {isa = PBXFileReference; fileEncoding = 4; lastKnownFileType = sourcecode.c.h; path = SLKDayViewCell.h; sourceTree = "<group>"; };
		1C7F474017087A2C00C258F8 /* SLKDayViewCell.m */ = {isa = PBXFileReference; fileEncoding = 4; lastKnownFileType = sourcecode.c.objc; path = SLKDayViewCell.m; sourceTree = "<group>"; };
		1C880E891704BBAB0027E528 /* SLKMedzViewController.h */ = {isa = PBXFileReference; fileEncoding = 4; lastKnownFileType = sourcecode.c.h; path = SLKMedzViewController.h; sourceTree = "<group>"; };
		1C880E8A1704BBAB0027E528 /* SLKMedzViewController.m */ = {isa = PBXFileReference; fileEncoding = 4; lastKnownFileType = sourcecode.c.objc; path = SLKMedzViewController.m; sourceTree = "<group>"; };
		1C91DD5716FC4EBB00921C59 /* SLKPARSEService.h */ = {isa = PBXFileReference; fileEncoding = 4; lastKnownFileType = sourcecode.c.h; path = SLKPARSEService.h; sourceTree = "<group>"; };
		1C91DD5816FC4EBB00921C59 /* SLKPARSEService.m */ = {isa = PBXFileReference; fileEncoding = 4; lastKnownFileType = sourcecode.c.objc; path = SLKPARSEService.m; sourceTree = "<group>"; };
		1C91DDEB16FC567F00921C59 /* CoreData.framework */ = {isa = PBXFileReference; lastKnownFileType = wrapper.framework; name = CoreData.framework; path = System/Library/Frameworks/CoreData.framework; sourceTree = SDKROOT; };
		1C98A20D172BF1D100741112 /* prevyArrow.png */ = {isa = PBXFileReference; lastKnownFileType = image.png; path = prevyArrow.png; sourceTree = "<group>"; };
		1C98A20F172BF1DF00741112 /* nextyArrow.png */ = {isa = PBXFileReference; lastKnownFileType = image.png; path = nextyArrow.png; sourceTree = "<group>"; };
		1C9DD679170CC1B300032A1E /* SLKColors.h */ = {isa = PBXFileReference; fileEncoding = 4; lastKnownFileType = sourcecode.c.h; path = SLKColors.h; sourceTree = "<group>"; };
		1C9DD67A170CC1B300032A1E /* SLKColors.m */ = {isa = PBXFileReference; fileEncoding = 4; lastKnownFileType = sourcecode.c.objc; path = SLKColors.m; sourceTree = "<group>"; };
		1CA7F8D416FC8B71008BB1BF /* SKAPUnitTest.octest */ = {isa = PBXFileReference; explicitFileType = wrapper.cfbundle; includeInIndex = 0; path = SKAPUnitTest.octest; sourceTree = BUILT_PRODUCTS_DIR; };
		1CA7F8D516FC8B72008BB1BF /* SenTestingKit.framework */ = {isa = PBXFileReference; lastKnownFileType = wrapper.framework; name = SenTestingKit.framework; path = Library/Frameworks/SenTestingKit.framework; sourceTree = DEVELOPER_DIR; };
		1CA7F8DB16FC8B73008BB1BF /* SKAPUnitTest-Info.plist */ = {isa = PBXFileReference; lastKnownFileType = text.plist.xml; path = "SKAPUnitTest-Info.plist"; sourceTree = "<group>"; };
		1CA7F8DD16FC8B73008BB1BF /* en */ = {isa = PBXFileReference; lastKnownFileType = text.plist.strings; name = en; path = en.lproj/InfoPlist.strings; sourceTree = "<group>"; };
		1CA7F8DF16FC8B74008BB1BF /* SKAPUnitTest.h */ = {isa = PBXFileReference; lastKnownFileType = sourcecode.c.h; path = SKAPUnitTest.h; sourceTree = "<group>"; };
		1CA7F8E016FC8B74008BB1BF /* SKAPUnitTest.m */ = {isa = PBXFileReference; lastKnownFileType = sourcecode.c.objc; path = SKAPUnitTest.m; sourceTree = "<group>"; };
		1CA7F8E216FC8B74008BB1BF /* SKAPUnitTest-Prefix.pch */ = {isa = PBXFileReference; lastKnownFileType = sourcecode.c.h; path = "SKAPUnitTest-Prefix.pch"; sourceTree = "<group>"; };
		1CA7F8EE16FCA2FC008BB1BF /* SLKBabyListTableViewController.h */ = {isa = PBXFileReference; fileEncoding = 4; lastKnownFileType = sourcecode.c.h; path = SLKBabyListTableViewController.h; sourceTree = "<group>"; };
		1CA7F8EF16FCA2FC008BB1BF /* SLKBabyListTableViewController.m */ = {isa = PBXFileReference; fileEncoding = 4; lastKnownFileType = sourcecode.c.objc; path = SLKBabyListTableViewController.m; sourceTree = "<group>"; };
		1CA7F8F116FCA47E008BB1BF /* SLKBabyCell.h */ = {isa = PBXFileReference; fileEncoding = 4; lastKnownFileType = sourcecode.c.h; path = SLKBabyCell.h; sourceTree = "<group>"; };
		1CA7F8F216FCA47E008BB1BF /* SLKBabyCell.m */ = {isa = PBXFileReference; fileEncoding = 4; lastKnownFileType = sourcecode.c.objc; path = SLKBabyCell.m; sourceTree = "<group>"; };
		1CA7F90416FCBBF3008BB1BF /* QuartzCore.framework */ = {isa = PBXFileReference; lastKnownFileType = wrapper.framework; name = QuartzCore.framework; path = System/Library/Frameworks/QuartzCore.framework; sourceTree = SDKROOT; };
		1CB057951712EB2C00205AC0 /* SLKLinksViewController.h */ = {isa = PBXFileReference; fileEncoding = 4; lastKnownFileType = sourcecode.c.h; path = SLKLinksViewController.h; sourceTree = "<group>"; };
		1CB057961712EB2C00205AC0 /* SLKLinksViewController.m */ = {isa = PBXFileReference; fileEncoding = 4; lastKnownFileType = sourcecode.c.objc; path = SLKLinksViewController.m; sourceTree = "<group>"; };
		1CBBEE2217141D6B00305432 /* sleep.Storyboard */ = {isa = PBXFileReference; fileEncoding = 4; lastKnownFileType = file.storyboard; path = sleep.Storyboard; sourceTree = "<group>"; };
		1CBBEE2517141D8600305432 /* SLKSleppViewController.h */ = {isa = PBXFileReference; fileEncoding = 4; lastKnownFileType = sourcecode.c.h; path = SLKSleppViewController.h; sourceTree = "<group>"; };
		1CBBEE2617141D8600305432 /* SLKSleppViewController.m */ = {isa = PBXFileReference; fileEncoding = 4; lastKnownFileType = sourcecode.c.objc; path = SLKSleppViewController.m; sourceTree = "<group>"; };
		1CECF563170D8D59008AFA74 /* SLKAddBabyViewController.h */ = {isa = PBXFileReference; fileEncoding = 4; lastKnownFileType = sourcecode.c.h; path = SLKAddBabyViewController.h; sourceTree = "<group>"; };
		1CECF564170D8D59008AFA74 /* SLKAddBabyViewController.m */ = {isa = PBXFileReference; fileEncoding = 4; lastKnownFileType = sourcecode.c.objc; path = SLKAddBabyViewController.m; sourceTree = "<group>"; };
		1CF828251701A36E00EDC904 /* SLKUserDefaults.h */ = {isa = PBXFileReference; fileEncoding = 4; lastKnownFileType = sourcecode.c.h; path = SLKUserDefaults.h; sourceTree = "<group>"; };
		1CF828261701A36E00EDC904 /* SLKUserDefaults.m */ = {isa = PBXFileReference; fileEncoding = 4; lastKnownFileType = sourcecode.c.objc; path = SLKUserDefaults.m; sourceTree = "<group>"; };
		1CF828281701A9BA00EDC904 /* SLKAlertWithBlock.h */ = {isa = PBXFileReference; fileEncoding = 4; lastKnownFileType = sourcecode.c.h; path = SLKAlertWithBlock.h; sourceTree = "<group>"; };
		1CF828291701A9BA00EDC904 /* SLKAlertWithBlock.m */ = {isa = PBXFileReference; fileEncoding = 4; lastKnownFileType = sourcecode.c.objc; path = SLKAlertWithBlock.m; sourceTree = "<group>"; };
		1CF8282C1701BD6A00EDC904 /* SLKDaySummaryViewController.h */ = {isa = PBXFileReference; fileEncoding = 4; lastKnownFileType = sourcecode.c.h; path = SLKDaySummaryViewController.h; sourceTree = "<group>"; };
		1CF8282D1701BD6A00EDC904 /* SLKDaySummaryViewController.m */ = {isa = PBXFileReference; fileEncoding = 4; lastKnownFileType = sourcecode.c.objc; path = SLKDaySummaryViewController.m; sourceTree = "<group>"; };
		1CF8282F1701CB4B00EDC904 /* SLKDateUtil.h */ = {isa = PBXFileReference; fileEncoding = 4; lastKnownFileType = sourcecode.c.h; path = SLKDateUtil.h; sourceTree = "<group>"; };
		1CF828301701CB4B00EDC904 /* SLKDateUtil.m */ = {isa = PBXFileReference; fileEncoding = 4; lastKnownFileType = sourcecode.c.objc; path = SLKDateUtil.m; sourceTree = "<group>"; };
		1CF828321701D13F00EDC904 /* SLKDates.h */ = {isa = PBXFileReference; fileEncoding = 4; lastKnownFileType = sourcecode.c.h; path = SLKDates.h; sourceTree = "<group>"; };
		1CF828331701D14000EDC904 /* SLKDates.m */ = {isa = PBXFileReference; fileEncoding = 4; lastKnownFileType = sourcecode.c.objc; path = SLKDates.m; sourceTree = "<group>"; };
		CE11D00117023283001A5AD2 /* Parse.framework */ = {isa = PBXFileReference; lastKnownFileType = wrapper.framework; path = Parse.framework; sourceTree = "<group>"; };
		CE11D003170232ED001A5AD2 /* AudioToolbox.framework */ = {isa = PBXFileReference; lastKnownFileType = wrapper.framework; name = AudioToolbox.framework; path = System/Library/Frameworks/AudioToolbox.framework; sourceTree = SDKROOT; };
		CE11D00517023304001A5AD2 /* CFNetwork.framework */ = {isa = PBXFileReference; lastKnownFileType = wrapper.framework; name = CFNetwork.framework; path = System/Library/Frameworks/CFNetwork.framework; sourceTree = SDKROOT; };
		CE11D00717023329001A5AD2 /* CoreLocation.framework */ = {isa = PBXFileReference; lastKnownFileType = wrapper.framework; name = CoreLocation.framework; path = System/Library/Frameworks/CoreLocation.framework; sourceTree = SDKROOT; };
		CE11D00917023344001A5AD2 /* libz.1.1.3.dylib */ = {isa = PBXFileReference; lastKnownFileType = "compiled.mach-o.dylib"; name = libz.1.1.3.dylib; path = usr/lib/libz.1.1.3.dylib; sourceTree = SDKROOT; };
		CE11D00B1702335D001A5AD2 /* MobileCoreServices.framework */ = {isa = PBXFileReference; lastKnownFileType = wrapper.framework; name = MobileCoreServices.framework; path = System/Library/Frameworks/MobileCoreServices.framework; sourceTree = SDKROOT; };
		CE11D00E17023381001A5AD2 /* Security.framework */ = {isa = PBXFileReference; lastKnownFileType = wrapper.framework; name = Security.framework; path = System/Library/Frameworks/Security.framework; sourceTree = SDKROOT; };
		CE11D01017023395001A5AD2 /* StoreKit.framework */ = {isa = PBXFileReference; lastKnownFileType = wrapper.framework; name = StoreKit.framework; path = System/Library/Frameworks/StoreKit.framework; sourceTree = SDKROOT; };
		CE11D012170233A0001A5AD2 /* SystemConfiguration.framework */ = {isa = PBXFileReference; lastKnownFileType = wrapper.framework; name = SystemConfiguration.framework; path = System/Library/Frameworks/SystemConfiguration.framework; sourceTree = SDKROOT; };
		CE1D76F1170E284B00028416 /* checkedNO.png */ = {isa = PBXFileReference; lastKnownFileType = image.png; path = checkedNO.png; sourceTree = "<group>"; };
		CE1D76F2170E284B00028416 /* checkedYES.png */ = {isa = PBXFileReference; lastKnownFileType = image.png; path = checkedYES.png; sourceTree = "<group>"; };
		CE3ECB7F170DB444003FE39A /* blojaLyscopy.png */ = {isa = PBXFileReference; lastKnownFileType = image.png; path = blojaLyscopy.png; sourceTree = "<group>"; };
		CE3ECB81170DB46F003FE39A /* blojanonLys.png */ = {isa = PBXFileReference; lastKnownFileType = image.png; path = blojanonLys.png; sourceTree = "<group>"; };
		CE3ECB85170DB4D9003FE39A /* iphone4Diapercopy.png */ = {isa = PBXFileReference; lastKnownFileType = image.png; path = iphone4Diapercopy.png; sourceTree = "<group>"; };
		CE57277E170064A0003A72BF /* bottle.png */ = {isa = PBXFileReference; lastKnownFileType = image.png; path = bottle.png; sourceTree = "<group>"; };
		CE59448E16F90DC800D9D33A /* SKAP.app */ = {isa = PBXFileReference; explicitFileType = wrapper.application; includeInIndex = 0; path = SKAP.app; sourceTree = BUILT_PRODUCTS_DIR; };
		CE59449216F90DC800D9D33A /* UIKit.framework */ = {isa = PBXFileReference; lastKnownFileType = wrapper.framework; name = UIKit.framework; path = System/Library/Frameworks/UIKit.framework; sourceTree = SDKROOT; };
		CE59449416F90DC800D9D33A /* Foundation.framework */ = {isa = PBXFileReference; lastKnownFileType = wrapper.framework; name = Foundation.framework; path = System/Library/Frameworks/Foundation.framework; sourceTree = SDKROOT; };
		CE59449616F90DC800D9D33A /* CoreGraphics.framework */ = {isa = PBXFileReference; lastKnownFileType = wrapper.framework; name = CoreGraphics.framework; path = System/Library/Frameworks/CoreGraphics.framework; sourceTree = SDKROOT; };
		CE59449A16F90DC800D9D33A /* SKAP-Info.plist */ = {isa = PBXFileReference; lastKnownFileType = text.plist.xml; path = "SKAP-Info.plist"; sourceTree = "<group>"; };
		CE59449C16F90DC800D9D33A /* en */ = {isa = PBXFileReference; lastKnownFileType = text.plist.strings; name = en; path = en.lproj/InfoPlist.strings; sourceTree = "<group>"; };
		CE59449E16F90DC800D9D33A /* main.m */ = {isa = PBXFileReference; lastKnownFileType = sourcecode.c.objc; path = main.m; sourceTree = "<group>"; };
		CE5944A016F90DC800D9D33A /* SKAP-Prefix.pch */ = {isa = PBXFileReference; lastKnownFileType = sourcecode.c.h; path = "SKAP-Prefix.pch"; sourceTree = "<group>"; };
		CE5944A116F90DC800D9D33A /* SLKAppDelegate.h */ = {isa = PBXFileReference; lastKnownFileType = sourcecode.c.h; path = SLKAppDelegate.h; sourceTree = "<group>"; };
		CE5944A216F90DC800D9D33A /* SLKAppDelegate.m */ = {isa = PBXFileReference; lastKnownFileType = sourcecode.c.objc; path = SLKAppDelegate.m; sourceTree = "<group>"; };
		CE5944A416F90DC800D9D33A /* Default.png */ = {isa = PBXFileReference; lastKnownFileType = image.png; path = Default.png; sourceTree = "<group>"; };
		CE5944A616F90DC800D9D33A /* Default@2x.png */ = {isa = PBXFileReference; lastKnownFileType = image.png; path = "Default@2x.png"; sourceTree = "<group>"; };
		CE5944A816F90DC800D9D33A /* Default-568h@2x.png */ = {isa = PBXFileReference; lastKnownFileType = image.png; path = "Default-568h@2x.png"; sourceTree = "<group>"; };
		CE5944AB16F90DC800D9D33A /* en */ = {isa = PBXFileReference; lastKnownFileType = file.storyboard; name = en; path = en.lproj/MainStoryboard.storyboard; sourceTree = "<group>"; };
		CE5944B616F90DDF00D9D33A /* Model.xcdatamodel */ = {isa = PBXFileReference; lastKnownFileType = wrapper.xcdatamodel; path = Model.xcdatamodel; sourceTree = "<group>"; };
		CE5944BC16F90EFA00D9D33A /* SLKBabyStorage.h */ = {isa = PBXFileReference; fileEncoding = 4; lastKnownFileType = sourcecode.c.h; path = SLKBabyStorage.h; sourceTree = "<group>"; };
		CE5944BD16F90EFA00D9D33A /* SLKBabyStorage.m */ = {isa = PBXFileReference; fileEncoding = 4; lastKnownFileType = sourcecode.c.objc; path = SLKBabyStorage.m; sourceTree = "<group>"; };
		CE5944C016F90F4600D9D33A /* SLKCoreDataService.h */ = {isa = PBXFileReference; fileEncoding = 4; lastKnownFileType = sourcecode.c.h; path = SLKCoreDataService.h; sourceTree = "<group>"; };
		CE5944C116F90F4600D9D33A /* SLKCoreDataService.m */ = {isa = PBXFileReference; fileEncoding = 4; lastKnownFileType = sourcecode.c.objc; path = SLKCoreDataService.m; sourceTree = "<group>"; };
		CE5944CE16F9A67200D9D33A /* SLKMainViewController.h */ = {isa = PBXFileReference; fileEncoding = 4; lastKnownFileType = sourcecode.c.h; path = SLKMainViewController.h; sourceTree = "<group>"; };
		CE5944CF16F9A67200D9D33A /* SLKMainViewController.m */ = {isa = PBXFileReference; fileEncoding = 4; lastKnownFileType = sourcecode.c.objc; path = SLKMainViewController.m; sourceTree = "<group>"; };
		CE5944D216F9A79800D9D33A /* SLKFoodViewController.h */ = {isa = PBXFileReference; fileEncoding = 4; lastKnownFileType = sourcecode.c.h; path = SLKFoodViewController.h; sourceTree = "<group>"; };
		CE5944D316F9A79800D9D33A /* SLKFoodViewController.m */ = {isa = PBXFileReference; fileEncoding = 4; lastKnownFileType = sourcecode.c.objc; path = SLKFoodViewController.m; sourceTree = "<group>"; };
		CE5944D516F9A7B700D9D33A /* SLKPiiPooViewController.h */ = {isa = PBXFileReference; fileEncoding = 4; lastKnownFileType = sourcecode.c.h; path = SLKPiiPooViewController.h; sourceTree = "<group>"; };
		CE5944D616F9A7B700D9D33A /* SLKPiiPooViewController.m */ = {isa = PBXFileReference; fileEncoding = 4; lastKnownFileType = sourcecode.c.objc; path = SLKPiiPooViewController.m; sourceTree = "<group>"; };
		CEB5B5401716F475000D05DC /* poppis.jpg */ = {isa = PBXFileReference; lastKnownFileType = image.jpeg; path = poppis.jpg; sourceTree = "<group>"; };
		CEB7EEE1171485D600D11E2B /* SLKSleepStorage.h */ = {isa = PBXFileReference; fileEncoding = 4; lastKnownFileType = sourcecode.c.h; path = SLKSleepStorage.h; sourceTree = "<group>"; };
		CEB7EEE2171485D600D11E2B /* SLKSleepStorage.m */ = {isa = PBXFileReference; fileEncoding = 4; lastKnownFileType = sourcecode.c.objc; path = SLKSleepStorage.m; sourceTree = "<group>"; };
		CEBFE2921715F00F0010B192 /* smallViewBackground.png */ = {isa = PBXFileReference; lastKnownFileType = image.png; path = smallViewBackground.png; sourceTree = "<group>"; };
		CEBFE2941715F5870010B192 /* smBc.png */ = {isa = PBXFileReference; lastKnownFileType = image.png; path = smBc.png; sourceTree = "<group>"; };
		CEBFE29C17161A590010B192 /* arrowDown.png */ = {isa = PBXFileReference; lastKnownFileType = image.png; path = arrowDown.png; sourceTree = "<group>"; };
		CEDDEB5A171354590017DE60 /* tits.png */ = {isa = PBXFileReference; lastKnownFileType = image.png; path = tits.png; sourceTree = "<group>"; };
		CEDDEB5C171355F80017DE60 /* titsSmall.png */ = {isa = PBXFileReference; lastKnownFileType = image.png; path = titsSmall.png; sourceTree = "<group>"; };
		CEDDEB5E171358820017DE60 /* titsPink.png */ = {isa = PBXFileReference; lastKnownFileType = image.png; path = titsPink.png; sourceTree = "<group>"; };
		CEDDEB6017135C110017DE60 /* titsLabel_03.png */ = {isa = PBXFileReference; lastKnownFileType = image.png; path = titsLabel_03.png; sourceTree = "<group>"; };
		CEDDEB6217135D750017DE60 /* arrow_03.png */ = {isa = PBXFileReference; lastKnownFileType = image.png; path = arrow_03.png; sourceTree = "<group>"; };
/* End PBXFileReference section */

/* Begin PBXFrameworksBuildPhase section */
		1CA7F8D016FC8B71008BB1BF /* Frameworks */ = {
			isa = PBXFrameworksBuildPhase;
			buildActionMask = 2147483647;
			files = (
				1CA7F8D716FC8B72008BB1BF /* UIKit.framework in Frameworks */,
				1CA7F90616FCBC04008BB1BF /* CoreGraphics.framework in Frameworks */,
				1CA7F90516FCBBF3008BB1BF /* QuartzCore.framework in Frameworks */,
				1CA7F8D616FC8B72008BB1BF /* SenTestingKit.framework in Frameworks */,
				1CA7F8D816FC8B72008BB1BF /* Foundation.framework in Frameworks */,
			);
			runOnlyForDeploymentPostprocessing = 0;
		};
		CE59448B16F90DC800D9D33A /* Frameworks */ = {
			isa = PBXFrameworksBuildPhase;
			buildActionMask = 2147483647;
			files = (
				CE11D013170233A0001A5AD2 /* SystemConfiguration.framework in Frameworks */,
				CE11D01117023395001A5AD2 /* StoreKit.framework in Frameworks */,
				CE11D00F17023381001A5AD2 /* Security.framework in Frameworks */,
				CE11D00D1702336F001A5AD2 /* QuartzCore.framework in Frameworks */,
				CE11D00C1702335D001A5AD2 /* MobileCoreServices.framework in Frameworks */,
				CE11D00A17023344001A5AD2 /* libz.1.1.3.dylib in Frameworks */,
				CE11D00817023329001A5AD2 /* CoreLocation.framework in Frameworks */,
				CE59449716F90DC800D9D33A /* CoreGraphics.framework in Frameworks */,
				CE11D00617023304001A5AD2 /* CFNetwork.framework in Frameworks */,
				CE11D004170232ED001A5AD2 /* AudioToolbox.framework in Frameworks */,
				1C91DDEC16FC567F00921C59 /* CoreData.framework in Frameworks */,
				CE59449316F90DC800D9D33A /* UIKit.framework in Frameworks */,
				CE59449516F90DC800D9D33A /* Foundation.framework in Frameworks */,
				CE11D00217023283001A5AD2 /* Parse.framework in Frameworks */,
			);
			runOnlyForDeploymentPostprocessing = 0;
		};
/* End PBXFrameworksBuildPhase section */

/* Begin PBXGroup section */
		1C36055D1704667D007FC517 /* Date utils */ = {
			isa = PBXGroup;
			children = (
				1CF8282F1701CB4B00EDC904 /* SLKDateUtil.h */,
				1CF828301701CB4B00EDC904 /* SLKDateUtil.m */,
				1CF828321701D13F00EDC904 /* SLKDates.h */,
				1CF828331701D14000EDC904 /* SLKDates.m */,
			);
			name = "Date utils";
			sourceTree = "<group>";
		};
		1C423F76170D6AE100DCB469 /* Settings */ = {
			isa = PBXGroup;
			children = (
				1C423F6E170D5EFE00DCB469 /* Settings.storyboard */,
				1C423F70170D622300DCB469 /* SLKSettingsViewController.h */,
				1C423F71170D622300DCB469 /* SLKSettingsViewController.m */,
				1C47E06D170D729500720AFE /* cells */,
				1C47E06A170D70E800720AFE /* SLKInviteViewController.h */,
				1C47E06B170D70E800720AFE /* SLKInviteViewController.m */,
				1CECF563170D8D59008AFA74 /* SLKAddBabyViewController.h */,
				1CECF564170D8D59008AFA74 /* SLKAddBabyViewController.m */,
				1CB057951712EB2C00205AC0 /* SLKLinksViewController.h */,
				1CB057961712EB2C00205AC0 /* SLKLinksViewController.m */,
			);
			name = Settings;
			sourceTree = "<group>";
		};
		1C423F77170D6B0000DCB469 /* Food */ = {
			isa = PBXGroup;
			children = (
				CE5944D216F9A79800D9D33A /* SLKFoodViewController.h */,
				CE5944D316F9A79800D9D33A /* SLKFoodViewController.m */,
				1C137BD817049EB700A39F3A /* Feed.storyboard */,
			);
			name = Food;
			sourceTree = "<group>";
		};
		1C423F78170D6B2F00DCB469 /* User Defaults and Constants */ = {
			isa = PBXGroup;
			children = (
				1C49EF27170889200073B6D6 /* SLKConstants.h */,
				1C49EF28170889200073B6D6 /* SLKConstants.m */,
				1CF828251701A36E00EDC904 /* SLKUserDefaults.h */,
				1CF828261701A36E00EDC904 /* SLKUserDefaults.m */,
			);
			name = "User Defaults and Constants";
			sourceTree = "<group>";
		};
		1C423F79170D6B5000DCB469 /* Color */ = {
			isa = PBXGroup;
			children = (
				1C9DD679170CC1B300032A1E /* SLKColors.h */,
				1C9DD67A170CC1B300032A1E /* SLKColors.m */,
			);
			name = Color;
			sourceTree = "<group>";
		};
		1C423F7A170D6B6500DCB469 /* Diaper */ = {
			isa = PBXGroup;
			children = (
				CE5944D516F9A7B700D9D33A /* SLKPiiPooViewController.h */,
				CE5944D616F9A7B700D9D33A /* SLKPiiPooViewController.m */,
				1C137BDA17049EE800A39F3A /* Diaper.storyboard */,
			);
			name = Diaper;
			sourceTree = "<group>";
		};
		1C423F7B170D6B7700DCB469 /* Medz */ = {
			isa = PBXGroup;
			children = (
				1C880E891704BBAB0027E528 /* SLKMedzViewController.h */,
				1C880E8A1704BBAB0027E528 /* SLKMedzViewController.m */,
				1C137BDC17049EFC00A39F3A /* Medz.storyboard */,
			);
			name = Medz;
			sourceTree = "<group>";
		};
		1C423F7C170D6B9100DCB469 /* Calendar */ = {
			isa = PBXGroup;
			children = (
				1CF8282C1701BD6A00EDC904 /* SLKDaySummaryViewController.h */,
				1CF8282D1701BD6A00EDC904 /* SLKDaySummaryViewController.m */,
				1C137BDE17049F2F00A39F3A /* calendar.storyboard */,
				1C423F7D170D6BB600DCB469 /* cells */,
			);
			name = Calendar;
			sourceTree = "<group>";
		};
		1C423F7D170D6BB600DCB469 /* cells */ = {
			isa = PBXGroup;
			children = (
				1C7F473F17087A2C00C258F8 /* SLKDayViewCell.h */,
				1C7F474017087A2C00C258F8 /* SLKDayViewCell.m */,
			);
			name = cells;
			sourceTree = "<group>";
		};
		1C423F7E170D6BCE00DCB469 /* Deprecated stuff */ = {
			isa = PBXGroup;
			children = (
				1CBBEE2417141D7000305432 /* Sleep */,
				1CA7F8FC16FCB4EF008BB1BF /* popover */,
				1C423F7B170D6B7700DCB469 /* Medz */,
				1C423F7A170D6B6500DCB469 /* Diaper */,
				1C5BFC8E16FCF1FB00D1B238 /* Baby Cells */,
				1C5BFC8616FCDBF200D1B238 /* SLKBabyPopViewController.h */,
				1C5BFC8716FCDBF200D1B238 /* SLKBabyPopViewController.m */,
				CE5944AA16F90DC800D9D33A /* MainStoryboard.storyboard */,
				CE5944CE16F9A67200D9D33A /* SLKMainViewController.h */,
				CE5944CF16F9A67200D9D33A /* SLKMainViewController.m */,
				1CA7F8EE16FCA2FC008BB1BF /* SLKBabyListTableViewController.h */,
				1CA7F8EF16FCA2FC008BB1BF /* SLKBabyListTableViewController.m */,
			);
			name = "Deprecated stuff";
			sourceTree = "<group>";
		};
		1C47E06D170D729500720AFE /* cells */ = {
			isa = PBXGroup;
			children = (
				1C423F73170D627700DCB469 /* SLKSettingCells.h */,
				1C423F74170D627700DCB469 /* SLKSettingCells.m */,
				1C47E06E170D72AC00720AFE /* SLKParentListCell.h */,
				1C47E06F170D72AC00720AFE /* SLKParentListCell.m */,
				1C378B711712A73C006AC9EF /* SLKWelcomeCell.h */,
				1C378B721712A73C006AC9EF /* SLKWelcomeCell.m */,
				1C7425481713064500207C04 /* SLKLinksCell.h */,
				1C7425491713064500207C04 /* SLKLinksCell.m */,
			);
			name = cells;
			sourceTree = "<group>";
		};
		1C5BFC8E16FCF1FB00D1B238 /* Baby Cells */ = {
			isa = PBXGroup;
			children = (
				1CA7F8F116FCA47E008BB1BF /* SLKBabyCell.h */,
				1CA7F8F216FCA47E008BB1BF /* SLKBabyCell.m */,
				1C5BFC8A16FCF18B00D1B238 /* SLKAddBabyCell.h */,
				1C5BFC8B16FCF18B00D1B238 /* SLKAddBabyCell.m */,
			);
			name = "Baby Cells";
			sourceTree = "<group>";
		};
		1C5C54FD16FC6DD3009E3646 /* Model */ = {
			isa = PBXGroup;
			children = (
				CE5944B516F90DDF00D9D33A /* Model.xcdatamodeld */,
				1C61D9F11742D7BB0048C123 /* Pii.h */,
				1C61D9F21742D7BD0048C123 /* Pii.m */,
				1C61D9EE1742D7B80048C123 /* Medz.h */,
				1C61D9EF1742D7B90048C123 /* Medz.m */,
				1C61D9EB1742D7B40048C123 /* Event.h */,
				1C61D9EC1742D7B60048C123 /* Event.m */,
				1C61D9E81742D7B10048C123 /* Bottle.h */,
				1C61D9E91742D7B30048C123 /* Bottle.m */,
				1C61D9E51742D7B00048C123 /* Tits.h */,
				1C61D9E61742D7B10048C123 /* Tits.m */,
				1C61D9E21742D7AE0048C123 /* Diaper.h */,
				1C61D9E31742D7AF0048C123 /* Diaper.m */,
				1C61D9DF1742D7AD0048C123 /* Baby.h */,
				1C61D9E01742D7AE0048C123 /* Baby.m */,
				1C61D9DC1742D7AC0048C123 /* ParentFigures.h */,
				1C61D9DD1742D7AD0048C123 /* ParentFigures.m */,
				1C61D9D91742D7AC0048C123 /* Poo.h */,
				1C61D9DA1742D7AC0048C123 /* Poo.m */,
				1C61D9D61742D7AC0048C123 /* Sleep.h */,
				1C61D9D71742D7AC0048C123 /* Sleep.m */,
				1C236C471731460900364D91 /* SLKuser.h */,
				1C236C481731460900364D91 /* SLKuser.m */,
			);
			name = Model;
			sourceTree = "<group>";
		};
		1C6F78941715B50D002E54A9 /* Log in */ = {
			isa = PBXGroup;
			children = (
				1C30A4291737B81D0010D4F1 /* SLKPfLoginViewController.h */,
				1C30A42A1737B81D0010D4F1 /* SLKPfLoginViewController.m */,
				1C30A4251737B7BD0010D4F1 /* SLKPfSingupViewController.h */,
				1C30A4261737B7BD0010D4F1 /* SLKPfSingupViewController.m */,
				1C6F78921715B4FB002E54A9 /* Login.storyboard */,
				1C6F78981715B913002E54A9 /* SLKFirtsTimeViewController.h */,
				1C6F78991715B913002E54A9 /* SLKFirtsTimeViewController.m */,
				1C30A4221737B5C70010D4F1 /* SLKPFLogin.h */,
				1C30A4231737B5C70010D4F1 /* SLKPFLogin.m */,
			);
			name = "Log in";
			sourceTree = "<group>";
		};
		1C91DDE116FC4FC700921C59 /* Parse */ = {
			isa = PBXGroup;
			children = (
				1C91DD5716FC4EBB00921C59 /* SLKPARSEService.h */,
				1C91DD5816FC4EBB00921C59 /* SLKPARSEService.m */,
			);
			name = Parse;
			sourceTree = "<group>";
		};
		1C955AC8170E034A00310575 /* images */ = {
			isa = PBXGroup;
			children = (
				CE1D76F1170E284B00028416 /* checkedNO.png */,
				1C30A42D1737BE880010D4F1 /* saveButton.png */,
				1C98A20D172BF1D100741112 /* prevyArrow.png */,
				1C98A20F172BF1DF00741112 /* nextyArrow.png */,
				CEBFE2941715F5870010B192 /* smBc.png */,
				CEDDEB5E171358820017DE60 /* titsPink.png */,
				CEBFE2921715F00F0010B192 /* smallViewBackground.png */,
				CEB5B5401716F475000D05DC /* poppis.jpg */,
				1C2F0D7F171817CB00FBF106 /* bo.png */,
				CEDDEB6217135D750017DE60 /* arrow_03.png */,
				CE1D76F2170E284B00028416 /* checkedYES.png */,
				CEDDEB6017135C110017DE60 /* titsLabel_03.png */,
				CEDDEB5C171355F80017DE60 /* titsSmall.png */,
				CE3ECB7F170DB444003FE39A /* blojaLyscopy.png */,
				CEDDEB5A171354590017DE60 /* tits.png */,
				CE3ECB85170DB4D9003FE39A /* iphone4Diapercopy.png */,
				CEBFE29C17161A590010B192 /* arrowDown.png */,
				CE3ECB81170DB46F003FE39A /* blojanonLys.png */,
				CE57277E170064A0003A72BF /* bottle.png */,
			);
			name = images;
			sourceTree = "<group>";
		};
		1CA7F8D916FC8B72008BB1BF /* SKAPUnitTest */ = {
			isa = PBXGroup;
			children = (
				1CA7F8DF16FC8B74008BB1BF /* SKAPUnitTest.h */,
				1CA7F8E016FC8B74008BB1BF /* SKAPUnitTest.m */,
				1CA7F8DA16FC8B73008BB1BF /* Supporting Files */,
			);
			path = SKAPUnitTest;
			sourceTree = "<group>";
		};
		1CA7F8DA16FC8B73008BB1BF /* Supporting Files */ = {
			isa = PBXGroup;
			children = (
				1CA7F8DB16FC8B73008BB1BF /* SKAPUnitTest-Info.plist */,
				1CA7F8DC16FC8B73008BB1BF /* InfoPlist.strings */,
				1CA7F8E216FC8B74008BB1BF /* SKAPUnitTest-Prefix.pch */,
			);
			name = "Supporting Files";
			sourceTree = "<group>";
		};
		1CA7F8FC16FCB4EF008BB1BF /* popover */ = {
			isa = PBXGroup;
			children = (
				1C5BFC7D16FCD81300D1B238 /* ARCMacros.h */,
				1C5BFC7E16FCD81300D1B238 /* FPPopoverController.h */,
				1C5BFC7F16FCD81300D1B238 /* FPPopoverController.m */,
				1C5BFC8016FCD81300D1B238 /* FPPopoverView.h */,
				1C5BFC8116FCD81300D1B238 /* FPPopoverView.m */,
				1C5BFC7916FCD75300D1B238 /* FPTouchView.h */,
				1C5BFC7A16FCD75300D1B238 /* FPTouchView.m */,
			);
			name = popover;
			sourceTree = "<group>";
		};
		1CBBEE2417141D7000305432 /* Sleep */ = {
			isa = PBXGroup;
			children = (
				1CBBEE2217141D6B00305432 /* sleep.Storyboard */,
				1CBBEE2517141D8600305432 /* SLKSleppViewController.h */,
				1CBBEE2617141D8600305432 /* SLKSleppViewController.m */,
			);
			name = Sleep;
			sourceTree = "<group>";
		};
		1CF8282B1701A9C100EDC904 /* Custom Alert */ = {
			isa = PBXGroup;
			children = (
				1CF828281701A9BA00EDC904 /* SLKAlertWithBlock.h */,
				1CF828291701A9BA00EDC904 /* SLKAlertWithBlock.m */,
			);
			name = "Custom Alert";
			sourceTree = "<group>";
		};
		CE59448316F90DC800D9D33A = {
			isa = PBXGroup;
			children = (
				CE59449816F90DC800D9D33A /* SKAP */,
				1CA7F8D916FC8B72008BB1BF /* SKAPUnitTest */,
				CE59449116F90DC800D9D33A /* Frameworks */,
				CE59448F16F90DC800D9D33A /* Products */,
			);
			sourceTree = "<group>";
		};
		CE59448F16F90DC800D9D33A /* Products */ = {
			isa = PBXGroup;
			children = (
				CE59448E16F90DC800D9D33A /* SKAP.app */,
				1CA7F8D416FC8B71008BB1BF /* SKAPUnitTest.octest */,
			);
			name = Products;
			sourceTree = "<group>";
		};
		CE59449116F90DC800D9D33A /* Frameworks */ = {
			isa = PBXGroup;
			children = (
				CE11D012170233A0001A5AD2 /* SystemConfiguration.framework */,
				CE11D01017023395001A5AD2 /* StoreKit.framework */,
				CE11D00E17023381001A5AD2 /* Security.framework */,
				CE11D00B1702335D001A5AD2 /* MobileCoreServices.framework */,
				CE11D00917023344001A5AD2 /* libz.1.1.3.dylib */,
				CE11D00717023329001A5AD2 /* CoreLocation.framework */,
				CE11D00517023304001A5AD2 /* CFNetwork.framework */,
				CE11D003170232ED001A5AD2 /* AudioToolbox.framework */,
				1CA7F90416FCBBF3008BB1BF /* QuartzCore.framework */,
				1C91DDEB16FC567F00921C59 /* CoreData.framework */,
				CE11D00117023283001A5AD2 /* Parse.framework */,
				CE59449216F90DC800D9D33A /* UIKit.framework */,
				CE59449416F90DC800D9D33A /* Foundation.framework */,
				CE59449616F90DC800D9D33A /* CoreGraphics.framework */,
				1CA7F8D516FC8B72008BB1BF /* SenTestingKit.framework */,
			);
			name = Frameworks;
			sourceTree = "<group>";
		};
		CE59449816F90DC800D9D33A /* SKAP */ = {
			isa = PBXGroup;
			children = (
				CE5944A116F90DC800D9D33A /* SLKAppDelegate.h */,
				CE5944A216F90DC800D9D33A /* SLKAppDelegate.m */,
				CE5944BB16F90EB800D9D33A /* Model */,
				CE5944D116F9A6B900D9D33A /* ViewController */,
				1C91DDE116FC4FC700921C59 /* Parse */,
				1C423F78170D6B2F00DCB469 /* User Defaults and Constants */,
				1C423F79170D6B5000DCB469 /* Color */,
				1C36055D1704667D007FC517 /* Date utils */,
				CE59449916F90DC800D9D33A /* Supporting Files */,
			);
			path = SKAP;
			sourceTree = "<group>";
		};
		CE59449916F90DC800D9D33A /* Supporting Files */ = {
			isa = PBXGroup;
			children = (
				1C955AC8170E034A00310575 /* images */,
				CE59449A16F90DC800D9D33A /* SKAP-Info.plist */,
				CE59449B16F90DC800D9D33A /* InfoPlist.strings */,
				CE59449E16F90DC800D9D33A /* main.m */,
				CE5944A016F90DC800D9D33A /* SKAP-Prefix.pch */,
				CE5944A416F90DC800D9D33A /* Default.png */,
				CE5944A616F90DC800D9D33A /* Default@2x.png */,
				CE5944A816F90DC800D9D33A /* Default-568h@2x.png */,
			);
			name = "Supporting Files";
			sourceTree = "<group>";
		};
		CE5944BB16F90EB800D9D33A /* Model */ = {
			isa = PBXGroup;
			children = (
				1C5C54FD16FC6DD3009E3646 /* Model */,
				CE5944BF16F90F0200D9D33A /* Storage */,
			);
			name = Model;
			path = ..;
			sourceTree = "<group>";
		};
		CE5944BF16F90F0200D9D33A /* Storage */ = {
			isa = PBXGroup;
			children = (
				CE5944BC16F90EFA00D9D33A /* SLKBabyStorage.h */,
				CE5944BD16F90EFA00D9D33A /* SLKBabyStorage.m */,
				1C5C784D1701E49D00CB555F /* SLKEventStorage.h */,
				1C5C784E1701E49D00CB555F /* SLKEventStorage.m */,
				CE5944C016F90F4600D9D33A /* SLKCoreDataService.h */,
				CE5944C116F90F4600D9D33A /* SLKCoreDataService.m */,
				1C4ABF601705A3BF008468F9 /* SLKTittStorage.h */,
				1C4ABF611705A3BF008468F9 /* SLKTittStorage.m */,
				1C4ABF631705AB4F008468F9 /* SLKBottleStorage.h */,
				1C4ABF641705AB4F008468F9 /* SLKBottleStorage.m */,
				1C34EC761706EC700095F0C2 /* SLKPooStorage.h */,
				1C34EC771706EC700095F0C2 /* SLKPooStorage.m */,
				1C34EC791706EED10095F0C2 /* SLKPiiStorage.h */,
				1C34EC7A1706EED10095F0C2 /* SLKPiiStorage.m */,
				1C611ECA170C4D0D0088016F /* SLKMedzStorage.h */,
				1C611ECB170C4D0D0088016F /* SLKMedzStorage.m */,
				1C627297170ED21200F51E00 /* SLKParentStorage.h */,
				1C627298170ED21200F51E00 /* SLKParentStorage.m */,
				CEB7EEE1171485D600D11E2B /* SLKSleepStorage.h */,
				CEB7EEE2171485D600D11E2B /* SLKSleepStorage.m */,
			);
			name = Storage;
			sourceTree = "<group>";
		};
		CE5944D116F9A6B900D9D33A /* ViewController */ = {
			isa = PBXGroup;
			children = (
				1C423F77170D6B0000DCB469 /* Food */,
				1C423F7C170D6B9100DCB469 /* Calendar */,
				1C423F76170D6AE100DCB469 /* Settings */,
				1C6F78941715B50D002E54A9 /* Log in */,
				1C423F7E170D6BCE00DCB469 /* Deprecated stuff */,
				1CF8282B1701A9C100EDC904 /* Custom Alert */,
				1C3F3728172E98450084D3D8 /* SLKTabbar.h */,
				1C3F372B172E98F70084D3D8 /* SLKTababrController.h */,
				1C3F372C172E98F70084D3D8 /* SLKTababrController.m */,
				1C3F3729172E98450084D3D8 /* SLKTabbar.m */,
			);
			name = ViewController;
			path = ..;
			sourceTree = "<group>";
		};
/* End PBXGroup section */

/* Begin PBXNativeTarget section */
		1CA7F8D316FC8B71008BB1BF /* SKAPUnitTest */ = {
			isa = PBXNativeTarget;
			buildConfigurationList = 1CA7F8E516FC8B74008BB1BF /* Build configuration list for PBXNativeTarget "SKAPUnitTest" */;
			buildPhases = (
				1CA7F8CF16FC8B71008BB1BF /* Sources */,
				1CA7F8D016FC8B71008BB1BF /* Frameworks */,
				1CA7F8D116FC8B71008BB1BF /* Resources */,
				1CA7F8D216FC8B71008BB1BF /* ShellScript */,
			);
			buildRules = (
			);
			dependencies = (
				1CA7F8E716FC8BB3008BB1BF /* PBXTargetDependency */,
			);
			name = SKAPUnitTest;
			productName = SKAPUnitTest;
			productReference = 1CA7F8D416FC8B71008BB1BF /* SKAPUnitTest.octest */;
			productType = "com.apple.product-type.bundle";
		};
		CE59448D16F90DC800D9D33A /* SKAP */ = {
			isa = PBXNativeTarget;
			buildConfigurationList = CE5944B216F90DC800D9D33A /* Build configuration list for PBXNativeTarget "SKAP" */;
			buildPhases = (
				CE59448A16F90DC800D9D33A /* Sources */,
				CE59448B16F90DC800D9D33A /* Frameworks */,
				CE59448C16F90DC800D9D33A /* Resources */,
			);
			buildRules = (
			);
			dependencies = (
			);
			name = SKAP;
			productName = SKAP;
			productReference = CE59448E16F90DC800D9D33A /* SKAP.app */;
			productType = "com.apple.product-type.application";
		};
/* End PBXNativeTarget section */

/* Begin PBXProject section */
		CE59448516F90DC800D9D33A /* Project object */ = {
			isa = PBXProject;
			attributes = {
				CLASSPREFIX = SLK;
				LastUpgradeCheck = 0450;
				ORGANIZATIONNAME = "Student vid Yrkeshögskola C3L";
			};
			buildConfigurationList = CE59448816F90DC800D9D33A /* Build configuration list for PBXProject "SKAP" */;
			compatibilityVersion = "Xcode 3.2";
			developmentRegion = English;
			hasScannedForEncodings = 0;
			knownRegions = (
				en,
			);
			mainGroup = CE59448316F90DC800D9D33A;
			productRefGroup = CE59448F16F90DC800D9D33A /* Products */;
			projectDirPath = "";
			projectRoot = "";
			targets = (
				CE59448D16F90DC800D9D33A /* SKAP */,
				1CA7F8D316FC8B71008BB1BF /* SKAPUnitTest */,
			);
		};
/* End PBXProject section */

/* Begin PBXResourcesBuildPhase section */
		1CA7F8D116FC8B71008BB1BF /* Resources */ = {
			isa = PBXResourcesBuildPhase;
			buildActionMask = 2147483647;
			files = (
				1CA7F8DE16FC8B73008BB1BF /* InfoPlist.strings in Resources */,
				1C30A42F1737BE880010D4F1 /* saveButton.png in Resources */,
			);
			runOnlyForDeploymentPostprocessing = 0;
		};
		CE59448C16F90DC800D9D33A /* Resources */ = {
			isa = PBXResourcesBuildPhase;
			buildActionMask = 2147483647;
			files = (
				CE59449D16F90DC800D9D33A /* InfoPlist.strings in Resources */,
				CE5944A516F90DC800D9D33A /* Default.png in Resources */,
				CE5944A716F90DC800D9D33A /* Default@2x.png in Resources */,
				CE5944A916F90DC800D9D33A /* Default-568h@2x.png in Resources */,
				CE5944AC16F90DC800D9D33A /* MainStoryboard.storyboard in Resources */,
				CE57277F170064A0003A72BF /* bottle.png in Resources */,
				1C137BD917049EB700A39F3A /* Feed.storyboard in Resources */,
				1C137BDB17049EE800A39F3A /* Diaper.storyboard in Resources */,
				1C137BDD17049EFC00A39F3A /* Medz.storyboard in Resources */,
				1C137BDF17049F2F00A39F3A /* calendar.storyboard in Resources */,
				1C423F6F170D5EFE00DCB469 /* Settings.storyboard in Resources */,
				CE3ECB80170DB444003FE39A /* blojaLyscopy.png in Resources */,
				CE3ECB82170DB46F003FE39A /* blojanonLys.png in Resources */,
				CE3ECB86170DB4D9003FE39A /* iphone4Diapercopy.png in Resources */,
				CE1D76F3170E284B00028416 /* checkedNO.png in Resources */,
				CE1D76F4170E284B00028416 /* checkedYES.png in Resources */,
				CEDDEB5B171354590017DE60 /* tits.png in Resources */,
				CEDDEB5D171355F80017DE60 /* titsSmall.png in Resources */,
				CEDDEB5F171358820017DE60 /* titsPink.png in Resources */,
				CEDDEB6117135C110017DE60 /* titsLabel_03.png in Resources */,
				CEDDEB6317135D750017DE60 /* arrow_03.png in Resources */,
				1CBBEE2317141D6B00305432 /* sleep.Storyboard in Resources */,
				1C6F78931715B4FB002E54A9 /* Login.storyboard in Resources */,
				CEBFE2931715F00F0010B192 /* smallViewBackground.png in Resources */,
				CEBFE2951715F5870010B192 /* smBc.png in Resources */,
				CEBFE29D17161A590010B192 /* arrowDown.png in Resources */,
				CEB5B5411716F475000D05DC /* poppis.jpg in Resources */,
				1C2F0D80171817CB00FBF106 /* bo.png in Resources */,
				1C98A20E172BF1D100741112 /* prevyArrow.png in Resources */,
				1C98A210172BF1DF00741112 /* nextyArrow.png in Resources */,
				1C30A42E1737BE880010D4F1 /* saveButton.png in Resources */,
			);
			runOnlyForDeploymentPostprocessing = 0;
		};
/* End PBXResourcesBuildPhase section */

/* Begin PBXShellScriptBuildPhase section */
		1CA7F8D216FC8B71008BB1BF /* ShellScript */ = {
			isa = PBXShellScriptBuildPhase;
			buildActionMask = 2147483647;
			files = (
			);
			inputPaths = (
			);
			outputPaths = (
			);
			runOnlyForDeploymentPostprocessing = 0;
			shellPath = /bin/sh;
			shellScript = "# Run the unit tests in this test bundle.\n\"${SYSTEM_DEVELOPER_DIR}/Tools/RunUnitTests\"\n";
		};
/* End PBXShellScriptBuildPhase section */

/* Begin PBXSourcesBuildPhase section */
		1CA7F8CF16FC8B71008BB1BF /* Sources */ = {
			isa = PBXSourcesBuildPhase;
			buildActionMask = 2147483647;
			files = (
				1CA7F8E116FC8B74008BB1BF /* SKAPUnitTest.m in Sources */,
				1C5BFC7C16FCD75300D1B238 /* FPTouchView.m in Sources */,
				1C5BFC8316FCD81300D1B238 /* FPPopoverController.m in Sources */,
				1C5BFC8516FCD81300D1B238 /* FPPopoverView.m in Sources */,
				1C5BFC8916FCDBF200D1B238 /* SLKBabyPopViewController.m in Sources */,
				1C5BFC8D16FCF18B00D1B238 /* SLKAddBabyCell.m in Sources */,
				1C30A4281737B7BD0010D4F1 /* SLKPfSingupViewController.m in Sources */,
				1C30A42C1737B81D0010D4F1 /* SLKPfLoginViewController.m in Sources */,
			);
			runOnlyForDeploymentPostprocessing = 0;
		};
		CE59448A16F90DC800D9D33A /* Sources */ = {
			isa = PBXSourcesBuildPhase;
			buildActionMask = 2147483647;
			files = (
				CE59449F16F90DC800D9D33A /* main.m in Sources */,
				CE5944A316F90DC800D9D33A /* SLKAppDelegate.m in Sources */,
				CE5944B716F90DDF00D9D33A /* Model.xcdatamodeld in Sources */,
				CE5944BE16F90EFA00D9D33A /* SLKBabyStorage.m in Sources */,
				CE5944C216F90F4600D9D33A /* SLKCoreDataService.m in Sources */,
				CE5944D016F9A67200D9D33A /* SLKMainViewController.m in Sources */,
				CE5944D416F9A79800D9D33A /* SLKFoodViewController.m in Sources */,
				CE5944D716F9A7B700D9D33A /* SLKPiiPooViewController.m in Sources */,
				1C91DD5916FC4EBB00921C59 /* SLKPARSEService.m in Sources */,
				1CA7F8F016FCA2FC008BB1BF /* SLKBabyListTableViewController.m in Sources */,
				1CA7F8F316FCA47E008BB1BF /* SLKBabyCell.m in Sources */,
				1C5BFC7B16FCD75300D1B238 /* FPTouchView.m in Sources */,
				1C5BFC8216FCD81300D1B238 /* FPPopoverController.m in Sources */,
				1C5BFC8416FCD81300D1B238 /* FPPopoverView.m in Sources */,
				1C5BFC8816FCDBF200D1B238 /* SLKBabyPopViewController.m in Sources */,
				1C5BFC8C16FCF18B00D1B238 /* SLKAddBabyCell.m in Sources */,
				1CF828271701A36E00EDC904 /* SLKUserDefaults.m in Sources */,
				1CF8282A1701A9BA00EDC904 /* SLKAlertWithBlock.m in Sources */,
				1CF8282E1701BD6A00EDC904 /* SLKDaySummaryViewController.m in Sources */,
				1CF828311701CB4B00EDC904 /* SLKDateUtil.m in Sources */,
				1CF828341701D14000EDC904 /* SLKDates.m in Sources */,
				1C5C784F1701E49D00CB555F /* SLKEventStorage.m in Sources */,
				1C880E8B1704BBAB0027E528 /* SLKMedzViewController.m in Sources */,
				1C4ABF621705A3BF008468F9 /* SLKTittStorage.m in Sources */,
				1C4ABF651705AB4F008468F9 /* SLKBottleStorage.m in Sources */,
				1C34EC781706EC700095F0C2 /* SLKPooStorage.m in Sources */,
				1C34EC7B1706EED10095F0C2 /* SLKPiiStorage.m in Sources */,
				1C7F474117087A2C00C258F8 /* SLKDayViewCell.m in Sources */,
				1C49EF29170889200073B6D6 /* SLKConstants.m in Sources */,
				1C611ECC170C4D0D0088016F /* SLKMedzStorage.m in Sources */,
				1C9DD67B170CC1B400032A1E /* SLKColors.m in Sources */,
				1C423F72170D622300DCB469 /* SLKSettingsViewController.m in Sources */,
				1C423F75170D627700DCB469 /* SLKSettingCells.m in Sources */,
				1C47E06C170D70E800720AFE /* SLKInviteViewController.m in Sources */,
				1C47E070170D72AC00720AFE /* SLKParentListCell.m in Sources */,
				1CECF565170D8D59008AFA74 /* SLKAddBabyViewController.m in Sources */,
				1C627299170ED21200F51E00 /* SLKParentStorage.m in Sources */,
				1C378B731712A73C006AC9EF /* SLKWelcomeCell.m in Sources */,
				1CB057971712EB2C00205AC0 /* SLKLinksViewController.m in Sources */,
				1C74254A1713064500207C04 /* SLKLinksCell.m in Sources */,
				1CBBEE2717141D8600305432 /* SLKSleppViewController.m in Sources */,
				CEB7EEE3171485D600D11E2B /* SLKSleepStorage.m in Sources */,
				1C6F789A1715B913002E54A9 /* SLKFirtsTimeViewController.m in Sources */,
				1C3F372A172E98450084D3D8 /* SLKTabbar.m in Sources */,
				1C3F372D172E98F70084D3D8 /* SLKTababrController.m in Sources */,
				1C236C491731460900364D91 /* SLKuser.m in Sources */,
				1C30A4241737B5C70010D4F1 /* SLKPFLogin.m in Sources */,
				1C30A4271737B7BD0010D4F1 /* SLKPfSingupViewController.m in Sources */,
				1C30A42B1737B81D0010D4F1 /* SLKPfLoginViewController.m in Sources */,
				1C61D9D81742D7AC0048C123 /* Sleep.m in Sources */,
				1C61D9DB1742D7AC0048C123 /* Poo.m in Sources */,
				1C61D9DE1742D7AD0048C123 /* ParentFigures.m in Sources */,
				1C61D9E11742D7AE0048C123 /* Baby.m in Sources */,
				1C61D9E41742D7B00048C123 /* Diaper.m in Sources */,
				1C61D9E71742D7B10048C123 /* Tits.m in Sources */,
				1C61D9EA1742D7B40048C123 /* Bottle.m in Sources */,
				1C61D9ED1742D7B70048C123 /* Event.m in Sources */,
				1C61D9F01742D7BB0048C123 /* Medz.m in Sources */,
				1C61D9F31742D7BF0048C123 /* Pii.m in Sources */,
			);
			runOnlyForDeploymentPostprocessing = 0;
		};
/* End PBXSourcesBuildPhase section */

/* Begin PBXTargetDependency section */
		1CA7F8E716FC8BB3008BB1BF /* PBXTargetDependency */ = {
			isa = PBXTargetDependency;
			target = CE59448D16F90DC800D9D33A /* SKAP */;
			targetProxy = 1CA7F8E616FC8BB3008BB1BF /* PBXContainerItemProxy */;
		};
/* End PBXTargetDependency section */

/* Begin PBXVariantGroup section */
		1CA7F8DC16FC8B73008BB1BF /* InfoPlist.strings */ = {
			isa = PBXVariantGroup;
			children = (
				1CA7F8DD16FC8B73008BB1BF /* en */,
			);
			name = InfoPlist.strings;
			sourceTree = "<group>";
		};
		CE59449B16F90DC800D9D33A /* InfoPlist.strings */ = {
			isa = PBXVariantGroup;
			children = (
				CE59449C16F90DC800D9D33A /* en */,
			);
			name = InfoPlist.strings;
			sourceTree = "<group>";
		};
		CE5944AA16F90DC800D9D33A /* MainStoryboard.storyboard */ = {
			isa = PBXVariantGroup;
			children = (
				CE5944AB16F90DC800D9D33A /* en */,
			);
			name = MainStoryboard.storyboard;
			path = SKAP;
			sourceTree = "<group>";
		};
/* End PBXVariantGroup section */

/* Begin XCBuildConfiguration section */
		1CA7F8E316FC8B74008BB1BF /* Debug */ = {
			isa = XCBuildConfiguration;
			buildSettings = {
				CLANG_WARN_CONSTANT_CONVERSION = YES;
				CLANG_WARN_ENUM_CONVERSION = YES;
				CLANG_WARN_INT_CONVERSION = YES;
				FRAMEWORK_SEARCH_PATHS = (
					"\"$(SDKROOT)/Developer/Library/Frameworks\"",
					"\"$(DEVELOPER_LIBRARY_DIR)/Frameworks\"",
				);
				GCC_PRECOMPILE_PREFIX_HEADER = YES;
				GCC_PREFIX_HEADER = "SKAPUnitTest/SKAPUnitTest-Prefix.pch";
				INFOPLIST_FILE = "SKAPUnitTest/SKAPUnitTest-Info.plist";
				IPHONEOS_DEPLOYMENT_TARGET = 6.1;
				ONLY_ACTIVE_ARCH = YES;
				PRODUCT_NAME = "$(TARGET_NAME)";
				WRAPPER_EXTENSION = octest;
			};
			name = Debug;
		};
		1CA7F8E416FC8B74008BB1BF /* Release */ = {
			isa = XCBuildConfiguration;
			buildSettings = {
				CLANG_WARN_CONSTANT_CONVERSION = YES;
				CLANG_WARN_ENUM_CONVERSION = YES;
				CLANG_WARN_INT_CONVERSION = YES;
				FRAMEWORK_SEARCH_PATHS = (
					"\"$(SDKROOT)/Developer/Library/Frameworks\"",
					"\"$(DEVELOPER_LIBRARY_DIR)/Frameworks\"",
				);
				GCC_PRECOMPILE_PREFIX_HEADER = YES;
				GCC_PREFIX_HEADER = "SKAPUnitTest/SKAPUnitTest-Prefix.pch";
				INFOPLIST_FILE = "SKAPUnitTest/SKAPUnitTest-Info.plist";
				IPHONEOS_DEPLOYMENT_TARGET = 6.1;
				PRODUCT_NAME = "$(TARGET_NAME)";
				WRAPPER_EXTENSION = octest;
			};
			name = Release;
		};
		CE5944B016F90DC800D9D33A /* Debug */ = {
			isa = XCBuildConfiguration;
			buildSettings = {
				ALWAYS_SEARCH_USER_PATHS = NO;
				CLANG_CXX_LANGUAGE_STANDARD = "gnu++0x";
				CLANG_CXX_LIBRARY = "libc++";
				CLANG_ENABLE_OBJC_ARC = YES;
				CLANG_WARN_EMPTY_BODY = YES;
				CLANG_WARN__DUPLICATE_METHOD_MATCH = YES;
				CODE_SIGN_IDENTITY = "iPhone Developer: Sara Lidstrom (J279U6LK8X)";
				"CODE_SIGN_IDENTITY[sdk=iphoneos*]" = "iPhone Developer: Sara Lidstrom (J279U6LK8X)";
				COPY_PHASE_STRIP = NO;
				GCC_C_LANGUAGE_STANDARD = gnu99;
				GCC_DYNAMIC_NO_PIC = NO;
				GCC_OPTIMIZATION_LEVEL = 0;
				GCC_PREPROCESSOR_DEFINITIONS = (
					"DEBUG=1",
					"$(inherited)",
				);
				GCC_SYMBOLS_PRIVATE_EXTERN = NO;
				GCC_WARN_ABOUT_RETURN_TYPE = YES;
				GCC_WARN_UNINITIALIZED_AUTOS = YES;
				GCC_WARN_UNUSED_VARIABLE = YES;
				IPHONEOS_DEPLOYMENT_TARGET = 5.1;
				PROVISIONING_PROFILE = "70586875-F7BA-46D8-B7CB-32489CC711CB";
				"PROVISIONING_PROFILE[sdk=iphoneos*]" = "70586875-F7BA-46D8-B7CB-32489CC711CB";
				SDKROOT = iphoneos;
			};
			name = Debug;
		};
		CE5944B116F90DC800D9D33A /* Release */ = {
			isa = XCBuildConfiguration;
			buildSettings = {
				ALWAYS_SEARCH_USER_PATHS = NO;
				CLANG_CXX_LANGUAGE_STANDARD = "gnu++0x";
				CLANG_CXX_LIBRARY = "libc++";
				CLANG_ENABLE_OBJC_ARC = YES;
				CLANG_WARN_EMPTY_BODY = YES;
				CLANG_WARN__DUPLICATE_METHOD_MATCH = YES;
				CODE_SIGN_IDENTITY = "iPhone Developer: Sara Lidstrom (J279U6LK8X)";
				"CODE_SIGN_IDENTITY[sdk=iphoneos*]" = "iPhone Developer: Sara Lidstrom (J279U6LK8X)";
				COPY_PHASE_STRIP = YES;
				GCC_C_LANGUAGE_STANDARD = gnu99;
				GCC_WARN_ABOUT_RETURN_TYPE = YES;
				GCC_WARN_UNINITIALIZED_AUTOS = YES;
				GCC_WARN_UNUSED_VARIABLE = YES;
				IPHONEOS_DEPLOYMENT_TARGET = 5.1;
				OTHER_CFLAGS = "-DNS_BLOCK_ASSERTIONS=1";
				PROVISIONING_PROFILE = "70586875-F7BA-46D8-B7CB-32489CC711CB";
				"PROVISIONING_PROFILE[sdk=iphoneos*]" = "70586875-F7BA-46D8-B7CB-32489CC711CB";
				SDKROOT = iphoneos;
				VALIDATE_PRODUCT = YES;
			};
			name = Release;
		};
		CE5944B316F90DC800D9D33A /* Debug */ = {
			isa = XCBuildConfiguration;
			buildSettings = {
				FRAMEWORK_SEARCH_PATHS = (
					"$(inherited)",
					"\"$(SRCROOT)\"",
				);
				GCC_PRECOMPILE_PREFIX_HEADER = YES;
				GCC_PREFIX_HEADER = "SKAP/SKAP-Prefix.pch";
				INFOPLIST_FILE = "SKAP/SKAP-Info.plist";
				IPHONEOS_DEPLOYMENT_TARGET = 5.1;
				PRODUCT_NAME = "$(TARGET_NAME)";
				WRAPPER_EXTENSION = app;
			};
			name = Debug;
		};
		CE5944B416F90DC800D9D33A /* Release */ = {
			isa = XCBuildConfiguration;
			buildSettings = {
				FRAMEWORK_SEARCH_PATHS = (
					"$(inherited)",
					"\"$(SRCROOT)\"",
				);
				GCC_PRECOMPILE_PREFIX_HEADER = YES;
				GCC_PREFIX_HEADER = "SKAP/SKAP-Prefix.pch";
				INFOPLIST_FILE = "SKAP/SKAP-Info.plist";
				IPHONEOS_DEPLOYMENT_TARGET = 5.1;
				PRODUCT_NAME = "$(TARGET_NAME)";
				WRAPPER_EXTENSION = app;
			};
			name = Release;
		};
/* End XCBuildConfiguration section */

/* Begin XCConfigurationList section */
		1CA7F8E516FC8B74008BB1BF /* Build configuration list for PBXNativeTarget "SKAPUnitTest" */ = {
			isa = XCConfigurationList;
			buildConfigurations = (
				1CA7F8E316FC8B74008BB1BF /* Debug */,
				1CA7F8E416FC8B74008BB1BF /* Release */,
			);
			defaultConfigurationIsVisible = 0;
			defaultConfigurationName = Release;
		};
		CE59448816F90DC800D9D33A /* Build configuration list for PBXProject "SKAP" */ = {
			isa = XCConfigurationList;
			buildConfigurations = (
				CE5944B016F90DC800D9D33A /* Debug */,
				CE5944B116F90DC800D9D33A /* Release */,
			);
			defaultConfigurationIsVisible = 0;
			defaultConfigurationName = Release;
		};
		CE5944B216F90DC800D9D33A /* Build configuration list for PBXNativeTarget "SKAP" */ = {
			isa = XCConfigurationList;
			buildConfigurations = (
				CE5944B316F90DC800D9D33A /* Debug */,
				CE5944B416F90DC800D9D33A /* Release */,
			);
			defaultConfigurationIsVisible = 0;
			defaultConfigurationName = Release;
		};
/* End XCConfigurationList section */

/* Begin XCVersionGroup section */
		CE5944B516F90DDF00D9D33A /* Model.xcdatamodeld */ = {
			isa = XCVersionGroup;
			children = (
				CE5944B616F90DDF00D9D33A /* Model.xcdatamodel */,
			);
			currentVersion = CE5944B616F90DDF00D9D33A /* Model.xcdatamodel */;
			path = Model.xcdatamodeld;
			sourceTree = "<group>";
			versionGroupType = wrapper.xcdatamodel;
		};
/* End XCVersionGroup section */
	};
	rootObject = CE59448516F90DC800D9D33A /* Project object */;
}
